PODS:
  - Alamofire (5.4.4)
  - AlamofireImage (4.2.0):
    - Alamofire (~> 5.4)
  - CryptoSwift (1.5.1)
  - GSMessages (1.7.4)
  - KeychainAccess (3.2.1)
  - lottie-ios (3.4.3)
  - OHHTTPStubs/Core (9.1.0)
  - OHHTTPStubs/Default (9.1.0):
    - OHHTTPStubs/Core
    - OHHTTPStubs/JSON
    - OHHTTPStubs/NSURLSession
    - OHHTTPStubs/OHPathHelpers
  - OHHTTPStubs/JSON (9.1.0):
    - OHHTTPStubs/Core
  - OHHTTPStubs/NSURLSession (9.1.0):
    - OHHTTPStubs/Core
  - OHHTTPStubs/OHPathHelpers (9.1.0)
  - OHHTTPStubs/Swift (9.1.0):
    - OHHTTPStubs/Default
  - OpenSSL-Apple (1.1.1k.11)
  - pmtest (1.1.0)
  - "ProtonCore-AccountDeletion/Crypto+VPN-Go1.15.15 (3.26.2)":
    - "ProtonCore-Authentication/Crypto+VPN-Go1.15.15 (= 3.26.2)"
    - ProtonCore-CoreTranslation (= 3.26.2)
    - ProtonCore-Doh (= 3.26.2)
    - ProtonCore-Foundations (= 3.26.2)
    - ProtonCore-Log (= 3.26.2)
    - ProtonCore-Networking (= 3.26.2)
    - ProtonCore-Services (= 3.26.2)
    - ProtonCore-UIFoundations (= 3.26.2)
    - ProtonCore-Utilities (= 3.26.2)
  - ProtonCore-APIClient (3.26.2):
    - "ProtonCore-APIClient/Crypto+Search-Go1.15.15 (= 3.26.2)"
    - "ProtonCore-APIClient/Crypto+Search-Go1.19.4 (= 3.26.2)"
    - "ProtonCore-APIClient/Crypto+VPN-Go1.15.15 (= 3.26.2)"
    - "ProtonCore-APIClient/Crypto+VPN-Go1.19.4 (= 3.26.2)"
    - ProtonCore-APIClient/Crypto-Go1.18.8 (= 3.26.2)
    - ProtonCore-APIClient/Crypto-Go1.19.4 (= 3.26.2)
    - ProtonCore-APIClient/Crypto-patched-Go1.19.4 (= 3.26.2)
    - ProtonCore-DataModel (= 3.26.2)
    - ProtonCore-Networking (= 3.26.2)
    - ProtonCore-Services (= 3.26.2)
  - "ProtonCore-APIClient/Crypto+Search-Go1.15.15 (3.26.2)":
    - ProtonCore-DataModel (= 3.26.2)
    - ProtonCore-Networking (= 3.26.2)
    - ProtonCore-Services (= 3.26.2)
  - "ProtonCore-APIClient/Crypto+Search-Go1.19.4 (3.26.2)":
    - ProtonCore-DataModel (= 3.26.2)
    - ProtonCore-Networking (= 3.26.2)
    - ProtonCore-Services (= 3.26.2)
  - "ProtonCore-APIClient/Crypto+VPN-Go1.15.15 (3.26.2)":
    - ProtonCore-DataModel (= 3.26.2)
    - ProtonCore-Networking (= 3.26.2)
    - ProtonCore-Services (= 3.26.2)
  - "ProtonCore-APIClient/Crypto+VPN-Go1.19.4 (3.26.2)":
    - ProtonCore-DataModel (= 3.26.2)
    - ProtonCore-Networking (= 3.26.2)
    - ProtonCore-Services (= 3.26.2)
  - ProtonCore-APIClient/Crypto-Go1.18.8 (3.26.2):
    - ProtonCore-DataModel (= 3.26.2)
    - ProtonCore-Networking (= 3.26.2)
    - ProtonCore-Services (= 3.26.2)
  - ProtonCore-APIClient/Crypto-Go1.19.4 (3.26.2):
    - ProtonCore-DataModel (= 3.26.2)
    - ProtonCore-Networking (= 3.26.2)
    - ProtonCore-Services (= 3.26.2)
  - ProtonCore-APIClient/Crypto-patched-Go1.19.4 (3.26.2):
    - ProtonCore-DataModel (= 3.26.2)
    - ProtonCore-Networking (= 3.26.2)
    - ProtonCore-Services (= 3.26.2)
  - "ProtonCore-Authentication-KeyGeneration/Crypto+VPN-Go1.15.15 (3.26.2)":
    - "ProtonCore-Authentication/Crypto+VPN-Go1.15.15 (= 3.26.2)"
    - ProtonCore-FeatureSwitch (= 3.26.2)
    - "ProtonCore-GoLibs/Crypto+VPN-Go1.15.15 (= 3.26.2)"
    - ProtonCore-Hash (= 3.26.2)
    - ProtonCore-OpenPGP (= 3.26.2)
  - "ProtonCore-Authentication/Crypto+VPN-Go1.15.15 (3.26.2)":
    - ProtonCore-APIClient (= 3.26.2)
    - ProtonCore-FeatureSwitch (= 3.26.2)
    - "ProtonCore-GoLibs/Crypto+VPN-Go1.15.15 (= 3.26.2)"
    - ProtonCore-Services (= 3.26.2)
  - ProtonCore-Challenge (3.26.2):
    - ProtonCore-DataModel (= 3.26.2)
    - ProtonCore-Foundations (= 3.26.2)
    - ProtonCore-UIFoundations (= 3.26.2)
  - ProtonCore-CoreTranslation (3.26.2)
  - ProtonCore-DataModel (3.26.2):
    - ProtonCore-Utilities (= 3.26.2)
  - ProtonCore-Doh (3.26.2):
    - ProtonCore-FeatureSwitch (= 3.26.2)
    - ProtonCore-Log (= 3.26.2)
    - ProtonCore-Utilities (= 3.26.2)
  - ProtonCore-Environment (3.26.2):
    - ProtonCore-Doh (= 3.26.2)
    - TrustKit
  - ProtonCore-FeatureSwitch (3.26.2):
    - ProtonCore-CoreTranslation (= 3.26.2)
    - ProtonCore-Foundations (= 3.26.2)
    - ProtonCore-Utilities (= 3.26.2)
  - ProtonCore-ForceUpgrade (3.26.2):
    - ProtonCore-CoreTranslation (= 3.26.2)
    - ProtonCore-Networking (= 3.26.2)
    - ProtonCore-UIFoundations (= 3.26.2)
  - ProtonCore-Foundations (3.26.2):
    - ProtonCore-Log (= 3.26.2)
  - "ProtonCore-GoLibs/Crypto+VPN-Go1.15.15 (3.26.2)":
    - ProtonCore-DataModel (= 3.26.2)
  - ProtonCore-Hash (3.26.2)
  - ProtonCore-HumanVerification (3.26.2):
    - ProtonCore-APIClient (= 3.26.2)
    - ProtonCore-CoreTranslation (= 3.26.2)
    - ProtonCore-Foundations (= 3.26.2)
    - ProtonCore-UIFoundations (= 3.26.2)
    - ProtonCore-Utilities (= 3.26.2)
  - ProtonCore-Log (3.26.2)
  - "ProtonCore-Login/Crypto+VPN-Go1.15.15 (3.26.2)":
    - "ProtonCore-Authentication-KeyGeneration/Crypto+VPN-Go1.15.15 (= 3.26.2)"
    - "ProtonCore-Authentication/Crypto+VPN-Go1.15.15 (= 3.26.2)"
    - ProtonCore-CoreTranslation (= 3.26.2)
    - ProtonCore-DataModel (= 3.26.2)
    - ProtonCore-Foundations (= 3.26.2)
    - "ProtonCore-GoLibs/Crypto+VPN-Go1.15.15 (= 3.26.2)"
    - ProtonCore-Log (= 3.26.2)
    - ProtonCore-OpenPGP (= 3.26.2)
    - TrustKit
  - "ProtonCore-LoginUI/Crypto+VPN-Go1.15.15 (3.26.2)":
    - lottie-ios (= 3.4.3)
    - "ProtonCore-Authentication-KeyGeneration/Crypto+VPN-Go1.15.15 (= 3.26.2)"
    - "ProtonCore-Authentication/Crypto+VPN-Go1.15.15 (= 3.26.2)"
    - ProtonCore-Challenge (= 3.26.2)
    - ProtonCore-CoreTranslation (= 3.26.2)
    - ProtonCore-DataModel (= 3.26.2)
    - ProtonCore-Environment (= 3.26.2)
    - ProtonCore-Foundations (= 3.26.2)
    - "ProtonCore-GoLibs/Crypto+VPN-Go1.15.15 (= 3.26.2)"
    - ProtonCore-HumanVerification (= 3.26.2)
    - ProtonCore-Log (= 3.26.2)
    - "ProtonCore-Login/Crypto+VPN-Go1.15.15 (= 3.26.2)"
    - ProtonCore-OpenPGP (= 3.26.2)
    - "ProtonCore-Payments/Crypto+VPN-Go1.15.15 (= 3.26.2)"
    - "ProtonCore-PaymentsUI/Crypto+VPN-Go1.15.15 (= 3.26.2)"
    - ProtonCore-TroubleShooting (= 3.26.2)
    - ProtonCore-UIFoundations (= 3.26.2)
    - TrustKit
  - ProtonCore-Networking (3.26.2):
    - Alamofire (= 5.4.4)
    - ProtonCore-CoreTranslation (= 3.26.2)
    - ProtonCore-Environment (= 3.26.2)
    - ProtonCore-Log (= 3.26.2)
    - ProtonCore-Utilities (= 3.26.2)
    - TrustKit
  - ProtonCore-OpenPGP (3.26.2)
  - "ProtonCore-Payments/Crypto+VPN-Go1.15.15 (3.26.2)":
    - "ProtonCore-Authentication/Crypto+VPN-Go1.15.15 (= 3.26.2)"
    - ProtonCore-CoreTranslation (= 3.26.2)
    - ProtonCore-Foundations (= 3.26.2)
    - ProtonCore-Hash (= 3.26.2)
    - ProtonCore-Log (= 3.26.2)
    - ProtonCore-Networking (= 3.26.2)
    - ProtonCore-Services (= 3.26.2)
    - ReachabilitySwift (~> 5.0.0)
  - "ProtonCore-PaymentsUI/Crypto+VPN-Go1.15.15 (3.26.2)":
    - ProtonCore-CoreTranslation (= 3.26.2)
    - ProtonCore-Foundations (= 3.26.2)
    - ProtonCore-Log (= 3.26.2)
    - "ProtonCore-Payments/Crypto+VPN-Go1.15.15 (= 3.26.2)"
    - ProtonCore-UIFoundations (= 3.26.2)
  - ProtonCore-QuarkCommands (3.26.2):
    - ProtonCore-Doh (= 3.26.2)
    - ProtonCore-Environment (= 3.26.2)
    - ProtonCore-Log (= 3.26.2)
    - ProtonCore-Networking (= 3.26.2)
    - ProtonCore-Services (= 3.26.2)
  - ProtonCore-Services (3.26.2):
    - ProtonCore-DataModel (= 3.26.2)
    - ProtonCore-Doh (= 3.26.2)
    - ProtonCore-Environment (= 3.26.2)
    - ProtonCore-FeatureSwitch (= 3.26.2)
    - ProtonCore-Log (= 3.26.2)
    - ProtonCore-Networking (= 3.26.2)
    - ProtonCore-Utilities (= 3.26.2)
    - TrustKit
  - ProtonCore-TestingToolkit/UITests/Core (3.26.2):
    - pmtest
    - ProtonCore-CoreTranslation (= 3.26.2)
    - ProtonCore-Doh (= 3.26.2)
    - ProtonCore-Log (= 3.26.2)
    - ProtonCore-QuarkCommands (= 3.26.2)
  - ProtonCore-TestingToolkit/UITests/HumanVerification (3.26.2):
    - pmtest
    - ProtonCore-CoreTranslation (= 3.26.2)
    - ProtonCore-Doh (= 3.26.2)
    - ProtonCore-QuarkCommands (= 3.26.2)
  - ProtonCore-TestingToolkit/UITests/Login (3.26.2):
    - pmtest
    - ProtonCore-CoreTranslation (= 3.26.2)
    - ProtonCore-Doh (= 3.26.2)
    - ProtonCore-QuarkCommands (= 3.26.2)
  - ProtonCore-TestingToolkit/UITests/PaymentsUI (3.26.2):
    - pmtest
    - ProtonCore-CoreTranslation (= 3.26.2)
    - ProtonCore-Doh (= 3.26.2)
    - ProtonCore-QuarkCommands (= 3.26.2)
  - ProtonCore-TestingToolkit/UnitTests/Core (3.26.2):
    - ProtonCore-Utilities (= 3.26.2)
    - swift-snapshot-testing
  - ProtonCore-TroubleShooting (3.26.2):
    - ProtonCore-CoreTranslation (= 3.26.2)
    - ProtonCore-Doh (= 3.26.2)
    - ProtonCore-Foundations (= 3.26.2)
    - ProtonCore-UIFoundations (= 3.26.2)
    - ProtonCore-Utilities (= 3.26.2)
  - ProtonCore-UIFoundations (3.26.2):
    - ProtonCore-CoreTranslation (= 3.26.2)
    - ProtonCore-Foundations (= 3.26.2)
    - ProtonCore-Log (= 3.26.2)
    - ProtonCore-Utilities (= 3.26.2)
  - ProtonCore-Utilities (3.26.2):
    - ProtonCore-Log (= 3.26.2)
  - ReachabilitySwift (5.0.0)
  - SDWebImage (5.12.6):
    - SDWebImage/Core (= 5.12.6)
  - SDWebImage/Core (5.12.6)
  - Sentry (7.16.0):
    - Sentry/Core (= 7.16.0)
  - Sentry/Core (7.16.0)
  - swift-snapshot-testing (1.10.0)
  - SwiftGen (6.5.1)
  - SwiftLint (0.48.0)
  - SwiftOTP (2.0.3):
    - CryptoSwift (>= 1.0.0)
  - SwiftyBeaver (1.9.5)
  - TrustKit (2.0.0)
  - TunnelKit (3.3.1):
    - TunnelKit/Protocols/OpenVPN (= 3.3.1)
  - TunnelKit/AppExtension (3.3.1):
    - SwiftyBeaver
    - TunnelKit/Core
  - TunnelKit/Core (3.3.1):
    - SwiftyBeaver
  - TunnelKit/Manager (3.3.1):
    - SwiftyBeaver
  - TunnelKit/Protocols/OpenVPN (3.3.1):
    - OpenSSL-Apple (~> 1.1.1h.10)
    - TunnelKit/AppExtension
    - TunnelKit/Core
    - TunnelKit/Manager

DEPENDENCIES:
  - Alamofire (= 5.4.4)
  - AlamofireImage (~> 4.1)
  - GSMessages (~> 1.0)
  - KeychainAccess (= 3.2.1)
  - OHHTTPStubs/Swift (= 9.1.0)
  - "pmtest (from `git@gitlab.protontech.ch:apple/shared/pmtestautomation.git`, commit `56581413f76841d7f0d9f6ba555e03a6cc7b8d94`)"
  - "ProtonCore-AccountDeletion/Crypto+VPN-Go1.15.15 (from `git@gitlab.protontech.ch:apple/shared/protoncore.git`, tag `3.26.2`)"
  - "ProtonCore-APIClient (from `git@gitlab.protontech.ch:apple/shared/protoncore.git`, tag `3.26.2`)"
  - "ProtonCore-Authentication-KeyGeneration/Crypto+VPN-Go1.15.15 (from `git@gitlab.protontech.ch:apple/shared/protoncore.git`, tag `3.26.2`)"
  - "ProtonCore-Authentication/Crypto+VPN-Go1.15.15 (from `git@gitlab.protontech.ch:apple/shared/protoncore.git`, tag `3.26.2`)"
  - "ProtonCore-Challenge (from `git@gitlab.protontech.ch:apple/shared/protoncore.git`, tag `3.26.2`)"
  - "ProtonCore-CoreTranslation (from `git@gitlab.protontech.ch:apple/shared/protoncore.git`, tag `3.26.2`)"
  - "ProtonCore-DataModel (from `git@gitlab.protontech.ch:apple/shared/protoncore.git`, tag `3.26.2`)"
  - "ProtonCore-Doh (from `git@gitlab.protontech.ch:apple/shared/protoncore.git`, tag `3.26.2`)"
  - "ProtonCore-Environment (from `git@gitlab.protontech.ch:apple/shared/protoncore.git`, tag `3.26.2`)"
  - "ProtonCore-FeatureSwitch (from `git@gitlab.protontech.ch:apple/shared/protoncore.git`, tag `3.26.2`)"
  - "ProtonCore-ForceUpgrade (from `git@gitlab.protontech.ch:apple/shared/protoncore.git`, tag `3.26.2`)"
  - "ProtonCore-Foundations (from `git@gitlab.protontech.ch:apple/shared/protoncore.git`, tag `3.26.2`)"
  - "ProtonCore-GoLibs/Crypto+VPN-Go1.15.15 (from `git@gitlab.protontech.ch:apple/shared/protoncore.git`, tag `3.26.2`)"
  - "ProtonCore-Hash (from `git@gitlab.protontech.ch:apple/shared/protoncore.git`, tag `3.26.2`)"
  - "ProtonCore-HumanVerification (from `git@gitlab.protontech.ch:apple/shared/protoncore.git`, tag `3.26.2`)"
  - "ProtonCore-Log (from `git@gitlab.protontech.ch:apple/shared/protoncore.git`, tag `3.26.2`)"
  - "ProtonCore-Login/Crypto+VPN-Go1.15.15 (from `git@gitlab.protontech.ch:apple/shared/protoncore.git`, tag `3.26.2`)"
  - "ProtonCore-LoginUI/Crypto+VPN-Go1.15.15 (from `git@gitlab.protontech.ch:apple/shared/protoncore.git`, tag `3.26.2`)"
  - "ProtonCore-Networking (from `git@gitlab.protontech.ch:apple/shared/protoncore.git`, tag `3.26.2`)"
  - "ProtonCore-OpenPGP (from `git@gitlab.protontech.ch:apple/shared/protoncore.git`, tag `3.26.2`)"
  - "ProtonCore-Payments/Crypto+VPN-Go1.15.15 (from `git@gitlab.protontech.ch:apple/shared/protoncore.git`, tag `3.26.2`)"
  - "ProtonCore-PaymentsUI/Crypto+VPN-Go1.15.15 (from `git@gitlab.protontech.ch:apple/shared/protoncore.git`, tag `3.26.2`)"
  - "ProtonCore-QuarkCommands (from `git@gitlab.protontech.ch:apple/shared/protoncore.git`, tag `3.26.2`)"
  - "ProtonCore-Services (from `git@gitlab.protontech.ch:apple/shared/protoncore.git`, tag `3.26.2`)"
  - "ProtonCore-TestingToolkit/UITests/Core (from `git@gitlab.protontech.ch:apple/shared/protoncore.git`, tag `3.26.2`)"
  - "ProtonCore-TestingToolkit/UITests/HumanVerification (from `git@gitlab.protontech.ch:apple/shared/protoncore.git`, tag `3.26.2`)"
  - "ProtonCore-TestingToolkit/UITests/Login (from `git@gitlab.protontech.ch:apple/shared/protoncore.git`, tag `3.26.2`)"
  - "ProtonCore-TestingToolkit/UITests/PaymentsUI (from `git@gitlab.protontech.ch:apple/shared/protoncore.git`, tag `3.26.2`)"
  - "ProtonCore-TestingToolkit/UnitTests/Core (from `git@gitlab.protontech.ch:apple/shared/protoncore.git`, tag `3.26.2`)"
  - "ProtonCore-TroubleShooting (from `git@gitlab.protontech.ch:apple/shared/protoncore.git`, tag `3.26.2`)"
  - "ProtonCore-UIFoundations (from `git@gitlab.protontech.ch:apple/shared/protoncore.git`, tag `3.26.2`)"
  - "ProtonCore-Utilities (from `git@gitlab.protontech.ch:apple/shared/protoncore.git`, tag `3.26.2`)"
  - ReachabilitySwift (= 5.0.0)
  - SDWebImage (= 5.12.6)
  - Sentry (from `https://github.com/getsentry/sentry-cocoa.git`, tag `7.16.0`)
  - "swift-snapshot-testing (from `git@gitlab.protontech.ch:apple/shared/protoncore.git`, tag `3.26.2`)"
  - SwiftGen (~> 6.5)
  - SwiftLint (= 0.48.0)
  - SwiftOTP
  - TrustKit (from `https://github.com/ProtonMail/TrustKit`, commit `d107d7cc825f38ae2d6dc7c54af71d58145c3506`, branch `release/1.0.3`)
  - "TunnelKit (from `git@gitlab.protontech.ch:apple/vpn/tunnelkit.git`, branch `develop`)"

SPEC REPOS:
  trunk:
    - Alamofire
    - AlamofireImage
    - CryptoSwift
    - GSMessages
    - KeychainAccess
    - lottie-ios
    - OHHTTPStubs
    - OpenSSL-Apple
    - ReachabilitySwift
    - SDWebImage
    - SwiftGen
    - SwiftLint
    - SwiftOTP
    - SwiftyBeaver

EXTERNAL SOURCES:
  pmtest:
    :commit: 56581413f76841d7f0d9f6ba555e03a6cc7b8d94
    :git: "git@gitlab.protontech.ch:apple/shared/pmtestautomation.git"
  ProtonCore-AccountDeletion:
    :git: "git@gitlab.protontech.ch:apple/shared/protoncore.git"
    :tag: 3.26.2
  ProtonCore-APIClient:
    :git: "git@gitlab.protontech.ch:apple/shared/protoncore.git"
    :tag: 3.26.2
  ProtonCore-Authentication:
    :git: "git@gitlab.protontech.ch:apple/shared/protoncore.git"
    :tag: 3.26.2
  ProtonCore-Authentication-KeyGeneration:
    :git: "git@gitlab.protontech.ch:apple/shared/protoncore.git"
    :tag: 3.26.2
  ProtonCore-Challenge:
    :git: "git@gitlab.protontech.ch:apple/shared/protoncore.git"
    :tag: 3.26.2
  ProtonCore-CoreTranslation:
    :git: "git@gitlab.protontech.ch:apple/shared/protoncore.git"
    :tag: 3.26.2
  ProtonCore-DataModel:
    :git: "git@gitlab.protontech.ch:apple/shared/protoncore.git"
    :tag: 3.26.2
  ProtonCore-Doh:
    :git: "git@gitlab.protontech.ch:apple/shared/protoncore.git"
    :tag: 3.26.2
  ProtonCore-Environment:
    :git: "git@gitlab.protontech.ch:apple/shared/protoncore.git"
    :tag: 3.26.2
  ProtonCore-FeatureSwitch:
    :git: "git@gitlab.protontech.ch:apple/shared/protoncore.git"
    :tag: 3.26.2
  ProtonCore-ForceUpgrade:
    :git: "git@gitlab.protontech.ch:apple/shared/protoncore.git"
    :tag: 3.26.2
  ProtonCore-Foundations:
    :git: "git@gitlab.protontech.ch:apple/shared/protoncore.git"
    :tag: 3.26.2
  ProtonCore-GoLibs:
    :git: "git@gitlab.protontech.ch:apple/shared/protoncore.git"
    :tag: 3.26.2
  ProtonCore-Hash:
    :git: "git@gitlab.protontech.ch:apple/shared/protoncore.git"
    :tag: 3.26.2
  ProtonCore-HumanVerification:
    :git: "git@gitlab.protontech.ch:apple/shared/protoncore.git"
    :tag: 3.26.2
  ProtonCore-Log:
    :git: "git@gitlab.protontech.ch:apple/shared/protoncore.git"
    :tag: 3.26.2
  ProtonCore-Login:
    :git: "git@gitlab.protontech.ch:apple/shared/protoncore.git"
    :tag: 3.26.2
  ProtonCore-LoginUI:
    :git: "git@gitlab.protontech.ch:apple/shared/protoncore.git"
    :tag: 3.26.2
  ProtonCore-Networking:
    :git: "git@gitlab.protontech.ch:apple/shared/protoncore.git"
    :tag: 3.26.2
  ProtonCore-OpenPGP:
    :git: "git@gitlab.protontech.ch:apple/shared/protoncore.git"
    :tag: 3.26.2
  ProtonCore-Payments:
    :git: "git@gitlab.protontech.ch:apple/shared/protoncore.git"
    :tag: 3.26.2
  ProtonCore-PaymentsUI:
    :git: "git@gitlab.protontech.ch:apple/shared/protoncore.git"
    :tag: 3.26.2
  ProtonCore-QuarkCommands:
    :git: "git@gitlab.protontech.ch:apple/shared/protoncore.git"
    :tag: 3.26.2
  ProtonCore-Services:
    :git: "git@gitlab.protontech.ch:apple/shared/protoncore.git"
    :tag: 3.26.2
  ProtonCore-TestingToolkit:
    :git: "git@gitlab.protontech.ch:apple/shared/protoncore.git"
    :tag: 3.26.2
  ProtonCore-TroubleShooting:
    :git: "git@gitlab.protontech.ch:apple/shared/protoncore.git"
    :tag: 3.26.2
  ProtonCore-UIFoundations:
    :git: "git@gitlab.protontech.ch:apple/shared/protoncore.git"
    :tag: 3.26.2
  ProtonCore-Utilities:
    :git: "git@gitlab.protontech.ch:apple/shared/protoncore.git"
    :tag: 3.26.2
  Sentry:
    :git: https://github.com/getsentry/sentry-cocoa.git
    :tag: 7.16.0
  swift-snapshot-testing:
    :git: "git@gitlab.protontech.ch:apple/shared/protoncore.git"
    :tag: 3.26.2
  TrustKit:
    :branch: release/1.0.3
    :commit: d107d7cc825f38ae2d6dc7c54af71d58145c3506
    :git: https://github.com/ProtonMail/TrustKit
  TunnelKit:
    :branch: develop
    :git: "git@gitlab.protontech.ch:apple/vpn/tunnelkit.git"

CHECKOUT OPTIONS:
  pmtest:
    :commit: 56581413f76841d7f0d9f6ba555e03a6cc7b8d94
    :git: "git@gitlab.protontech.ch:apple/shared/pmtestautomation.git"
  ProtonCore-AccountDeletion:
    :git: "git@gitlab.protontech.ch:apple/shared/protoncore.git"
    :tag: 3.26.2
  ProtonCore-APIClient:
    :git: "git@gitlab.protontech.ch:apple/shared/protoncore.git"
    :tag: 3.26.2
  ProtonCore-Authentication:
    :git: "git@gitlab.protontech.ch:apple/shared/protoncore.git"
    :tag: 3.26.2
  ProtonCore-Authentication-KeyGeneration:
    :git: "git@gitlab.protontech.ch:apple/shared/protoncore.git"
    :tag: 3.26.2
  ProtonCore-Challenge:
    :git: "git@gitlab.protontech.ch:apple/shared/protoncore.git"
    :tag: 3.26.2
  ProtonCore-CoreTranslation:
    :git: "git@gitlab.protontech.ch:apple/shared/protoncore.git"
    :tag: 3.26.2
  ProtonCore-DataModel:
    :git: "git@gitlab.protontech.ch:apple/shared/protoncore.git"
    :tag: 3.26.2
  ProtonCore-Doh:
    :git: "git@gitlab.protontech.ch:apple/shared/protoncore.git"
    :tag: 3.26.2
  ProtonCore-Environment:
    :git: "git@gitlab.protontech.ch:apple/shared/protoncore.git"
    :tag: 3.26.2
  ProtonCore-FeatureSwitch:
    :git: "git@gitlab.protontech.ch:apple/shared/protoncore.git"
    :tag: 3.26.2
  ProtonCore-ForceUpgrade:
    :git: "git@gitlab.protontech.ch:apple/shared/protoncore.git"
    :tag: 3.26.2
  ProtonCore-Foundations:
    :git: "git@gitlab.protontech.ch:apple/shared/protoncore.git"
    :tag: 3.26.2
  ProtonCore-GoLibs:
    :git: "git@gitlab.protontech.ch:apple/shared/protoncore.git"
    :tag: 3.26.2
  ProtonCore-Hash:
    :git: "git@gitlab.protontech.ch:apple/shared/protoncore.git"
    :tag: 3.26.2
  ProtonCore-HumanVerification:
    :git: "git@gitlab.protontech.ch:apple/shared/protoncore.git"
    :tag: 3.26.2
  ProtonCore-Log:
    :git: "git@gitlab.protontech.ch:apple/shared/protoncore.git"
    :tag: 3.26.2
  ProtonCore-Login:
    :git: "git@gitlab.protontech.ch:apple/shared/protoncore.git"
    :tag: 3.26.2
  ProtonCore-LoginUI:
    :git: "git@gitlab.protontech.ch:apple/shared/protoncore.git"
    :tag: 3.26.2
  ProtonCore-Networking:
    :git: "git@gitlab.protontech.ch:apple/shared/protoncore.git"
    :tag: 3.26.2
  ProtonCore-OpenPGP:
    :git: "git@gitlab.protontech.ch:apple/shared/protoncore.git"
    :tag: 3.26.2
  ProtonCore-Payments:
    :git: "git@gitlab.protontech.ch:apple/shared/protoncore.git"
    :tag: 3.26.2
  ProtonCore-PaymentsUI:
    :git: "git@gitlab.protontech.ch:apple/shared/protoncore.git"
    :tag: 3.26.2
  ProtonCore-QuarkCommands:
    :git: "git@gitlab.protontech.ch:apple/shared/protoncore.git"
    :tag: 3.26.2
  ProtonCore-Services:
    :git: "git@gitlab.protontech.ch:apple/shared/protoncore.git"
    :tag: 3.26.2
  ProtonCore-TestingToolkit:
    :git: "git@gitlab.protontech.ch:apple/shared/protoncore.git"
    :tag: 3.26.2
  ProtonCore-TroubleShooting:
    :git: "git@gitlab.protontech.ch:apple/shared/protoncore.git"
    :tag: 3.26.2
  ProtonCore-UIFoundations:
    :git: "git@gitlab.protontech.ch:apple/shared/protoncore.git"
    :tag: 3.26.2
  ProtonCore-Utilities:
    :git: "git@gitlab.protontech.ch:apple/shared/protoncore.git"
    :tag: 3.26.2
  Sentry:
    :git: https://github.com/getsentry/sentry-cocoa.git
    :tag: 7.16.0
  swift-snapshot-testing:
    :git: "git@gitlab.protontech.ch:apple/shared/protoncore.git"
    :tag: 3.26.2
  TrustKit:
    :commit: d107d7cc825f38ae2d6dc7c54af71d58145c3506
    :git: https://github.com/ProtonMail/TrustKit
  TunnelKit:
    :commit: 08bcdc6246d1ff71674b4e5e4dc97ae54b58a131
    :git: "git@gitlab.protontech.ch:apple/vpn/tunnelkit.git"

SPEC CHECKSUMS:
  Alamofire: f3b09a368f1582ab751b3fff5460276e0d2cf5c9
  AlamofireImage: 34a2d90b0e5fe6a5605f85ae4b7b01e784c60192
  CryptoSwift: c4f2debceb38bf44c80659afe009f71e23e4a082
  GSMessages: 9a82cc40465b88cd5d5759bee1fe812c3c63cc3a
  KeychainAccess: d5470352939ced6d6f7fb51cb2e67aae51fc294f
  lottie-ios: 9ae750cdc7820fecbd3c2f0cfc493038208fcdc4
  OHHTTPStubs: 90eac6d8f2c18317baeca36698523dc67c513831
  OpenSSL-Apple: 3104e6d32de21815b68aeba31edaa6a78d90e7e0
  pmtest: 5cfa1c8f623eb9f68e8be673a6690991701cbb3a
  ProtonCore-AccountDeletion: f5156867d3d0aaad2578b9448154f2c4242031cb
  ProtonCore-APIClient: 642d8134ca17987f5d74ca3f49a9a8165ff955d8
  ProtonCore-Authentication: a9d31ef6eda6faccbda346633bbcdff56f9b2e51
  ProtonCore-Authentication-KeyGeneration: df555ee42fb7d445763427b12ab0f0b1ba23414e
  ProtonCore-Challenge: 68a8e6e20910b1db5ca4a97d4af702209fe21698
  ProtonCore-CoreTranslation: d0cbad6dc8c06be3cce495c13eafe6347f277145
  ProtonCore-DataModel: 3b61304de0cafa1abf32ee26a9e4dbb04eacbc91
  ProtonCore-Doh: 23a0b9a326674411179eedab5c6021195898de1e
  ProtonCore-Environment: 97af4dd2b163ad494f198a718b308b14e5d2eec1
  ProtonCore-FeatureSwitch: 55de736d1cf95c75101ab5ff12ea68f096b2be0a
  ProtonCore-ForceUpgrade: db82ab58a53112e0a56f16831a8b38fe3df7a161
  ProtonCore-Foundations: 74dffd89804880f492ef80aca0dfacf433ddbb18
  ProtonCore-GoLibs: 899fe8ef0ee25baa9f0cb4688dcba67986e888ca
  ProtonCore-Hash: 210a05edeaea93d4e352830c3fc39dc120db2920
  ProtonCore-HumanVerification: ccbf6305d01a23c6e931fa4b8eaf784814aacb8f
  ProtonCore-Log: e2c2e0fee4422f0a684a822c6196d828c6b81246
  ProtonCore-Login: 454e2e887446be42936367aaad314f5bf38302b8
  ProtonCore-LoginUI: 14bfcbfa4eb628782f977eda59cef1f0dfa36c7a
  ProtonCore-Networking: a719f48826239e57aeb36deec8e1c8481d2bd2ba
  ProtonCore-OpenPGP: 32a3000d81781c33a3b051bb910b84b35d6d0f8a
  ProtonCore-Payments: ac42b8557b05208e634ac806e3146228fea54cda
  ProtonCore-PaymentsUI: 0c960d3d0ad899baad6511565dbcf54aeaf9de59
  ProtonCore-QuarkCommands: 19163f1056ebc4d414910e094715328e55a16c8a
  ProtonCore-Services: d75f5ba41f4690161570364d83b574891af492e7
  ProtonCore-TestingToolkit: ee790f46e4b709794153232bc07b6271659328f3
  ProtonCore-TroubleShooting: 294ff2ca8e72bbd855ee02d7b50acb8796f39620
  ProtonCore-UIFoundations: 7a977f234c5d4e0f0e0e5c91d21fd9d3b61d058f
  ProtonCore-Utilities: 16f425817b257d24c166fb0eb914b62f6ecef765
  ReachabilitySwift: 985039c6f7b23a1da463388634119492ff86c825
  SDWebImage: a47aea9e3d8816015db4e523daff50cfd294499d
  Sentry: 8045e58d18a62583325aa4a661262fdea799abb1
  swift-snapshot-testing: d388c9ff71363d8572312dcb45704bb5df021c8f
  SwiftGen: a6d22010845f08fe18fbdf3a07a8e380fd22e0ea
  SwiftLint: 284cea64b6187c5d6bd83e9a548a64104d546447
  SwiftOTP: ce98ded1ab42e4e66c39228fcad6b0c07b98e494
  SwiftyBeaver: 84069991dd5dca07d7069100985badaca7f0ce82
  TrustKit: f830ff5af0a8cbad5178aef1d0951389b096d312
  TunnelKit: abc76b7580ac190c4e932d8e67b9ece11fba45a4

PODFILE CHECKSUM: 94e25429956f637ec9220cb58e7b6a9145bc464f

COCOAPODS: 1.11.3
