PODS:
  - Alamofire (5.3.0)
  - AlamofireImage (4.1.0):
    - Alamofire (~> 5.1)
  - AwaitKit (5.2.0):
    - PromiseKit (~> 6)
  - GSMessages (1.7.4)
  - KeychainAccess (3.2.1)
  - Logging (1.4.0)
  - lottie-ios (3.2.3)
  - OpenSSL-Apple (1.1.1k.11)
  - pmtest (1.0.0)
  - PromiseKit (6.15.3):
    - PromiseKit/CorePromise (= 6.15.3)
    - PromiseKit/Foundation (= 6.15.3)
    - PromiseKit/UIKit (= 6.15.3)
  - PromiseKit/CorePromise (6.15.3)
  - PromiseKit/Foundation (6.15.3):
    - PromiseKit/CorePromise
  - PromiseKit/UIKit (6.15.3):
    - PromiseKit/CorePromise
  - ProtonCore-APIClient/Alamofire (3.4.0):
    - ProtonCore-DataModel (= 3.4.0)
    - ProtonCore-Networking/Alamofire (= 3.4.0)
    - ProtonCore-Services/Alamofire (= 3.4.0)
  - "ProtonCore-Authentication-KeyGeneration/UsingCryptoVPN+Alamofire (3.4.0)":
    - "ProtonCore-Authentication/UsingCryptoVPN+Alamofire (= 3.4.0)"
    - ProtonCore-Crypto-VPN (= 3.4.0)
    - ProtonCore-OpenPGP (= 3.4.0)
  - "ProtonCore-Authentication/UsingCryptoVPN+Alamofire (3.4.0)":
    - ProtonCore-APIClient/Alamofire (= 3.4.0)
    - ProtonCore-Crypto-VPN (= 3.4.0)
    - ProtonCore-Services/Alamofire (= 3.4.0)
  - ProtonCore-Challenge (3.4.0):
    - ProtonCore-Foundations (= 3.4.0)
  - ProtonCore-CoreTranslation (3.4.0)
  - ProtonCore-Crypto-VPN (3.4.0)
  - ProtonCore-DataModel (3.4.0):
    - ProtonCore-Utilities (= 3.4.0)
  - ProtonCore-Doh (3.4.0):
    - ProtonCore-Log (= 3.4.0)
  - ProtonCore-ForceUpgrade/Alamofire (3.4.0):
    - ProtonCore-CoreTranslation (= 3.4.0)
    - ProtonCore-Networking/Alamofire (= 3.4.0)
    - ProtonCore-UIFoundations (= 3.4.0)
  - ProtonCore-Foundations (3.4.0)
  - ProtonCore-HumanVerification/Alamofire (3.4.0):
    - ProtonCore-APIClient/Alamofire (= 3.4.0)
    - ProtonCore-CoreTranslation (= 3.4.0)
    - ProtonCore-Foundations (= 3.4.0)
    - ProtonCore-UIFoundations (= 3.4.0)
    - ProtonCore-Utilities (= 3.4.0)
  - ProtonCore-Log (3.4.0)
  - "ProtonCore-Login/UsingCryptoVPN+Alamofire (3.4.0)":
    - "ProtonCore-Authentication-KeyGeneration/UsingCryptoVPN+Alamofire (= 3.4.0)"
    - "ProtonCore-Authentication/UsingCryptoVPN+Alamofire (= 3.4.0)"
    - ProtonCore-CoreTranslation (= 3.4.0)
    - ProtonCore-Crypto-VPN (= 3.4.0)
    - ProtonCore-DataModel (= 3.4.0)
    - ProtonCore-Foundations (= 3.4.0)
    - ProtonCore-Log (= 3.4.0)
    - ProtonCore-OpenPGP (= 3.4.0)
    - TrustKit
  - "ProtonCore-LoginUI/UsingCryptoVPN+Alamofire (3.4.0)":
    - lottie-ios
    - "ProtonCore-Authentication-KeyGeneration/UsingCryptoVPN+Alamofire (= 3.4.0)"
    - "ProtonCore-Authentication/UsingCryptoVPN+Alamofire (= 3.4.0)"
    - ProtonCore-Challenge (= 3.4.0)
    - ProtonCore-CoreTranslation (= 3.4.0)
    - ProtonCore-Crypto-VPN (= 3.4.0)
    - ProtonCore-DataModel (= 3.4.0)
    - ProtonCore-Foundations (= 3.4.0)
    - ProtonCore-HumanVerification/Alamofire (= 3.4.0)
    - ProtonCore-Log (= 3.4.0)
    - "ProtonCore-Login/UsingCryptoVPN+Alamofire (= 3.4.0)"
    - ProtonCore-OpenPGP (= 3.4.0)
    - "ProtonCore-Payments/UsingCryptoVPN+Alamofire (= 3.4.0)"
    - "ProtonCore-PaymentsUI/UsingCryptoVPN+Alamofire (= 3.4.0)"
    - ProtonCore-UIFoundations (= 3.4.0)
    - TrustKit
  - ProtonCore-Networking/Alamofire (3.4.0):
    - Alamofire (~> 5.2)
    - ProtonCore-CoreTranslation (= 3.4.0)
    - ProtonCore-Log (= 3.4.0)
    - TrustKit
  - ProtonCore-OpenPGP (3.4.0)
  - "ProtonCore-Payments/UsingCryptoVPN+Alamofire (3.4.0)":
    - AwaitKit (~> 5.2.0)
    - "ProtonCore-Authentication/UsingCryptoVPN+Alamofire (= 3.4.0)"
    - ProtonCore-CoreTranslation (= 3.4.0)
    - ProtonCore-Foundations (= 3.4.0)
    - ProtonCore-Log (= 3.4.0)
    - ProtonCore-Services/Alamofire (= 3.4.0)
    - ProtonCore-SRP (= 3.4.0)
    - ReachabilitySwift (~> 5.0.0)
  - "ProtonCore-PaymentsUI/UsingCryptoVPN+Alamofire (3.4.0)":
    - ProtonCore-CoreTranslation (= 3.4.0)
    - ProtonCore-Foundations (= 3.4.0)
    - ProtonCore-Log (= 3.4.0)
    - "ProtonCore-Payments/UsingCryptoVPN+Alamofire (= 3.4.0)"
    - ProtonCore-UIFoundations (= 3.4.0)
  - ProtonCore-Services/Alamofire (3.4.0):
    - AwaitKit (~> 5.2.0)
    - PromiseKit (~> 6.0)
    - ProtonCore-DataModel (= 3.4.0)
    - ProtonCore-Doh (= 3.4.0)
    - ProtonCore-Log (= 3.4.0)
    - ProtonCore-Networking/Alamofire (= 3.4.0)
    - ProtonCore-Utilities (= 3.4.0)
    - TrustKit
  - ProtonCore-SRP (3.4.0)
  - ProtonCore-UIFoundations (3.4.0):
    - ProtonCore-CoreTranslation (= 3.4.0)
    - ProtonCore-Foundations (= 3.4.0)
    - ProtonCore-Log (= 3.4.0)
  - ProtonCore-Utilities (3.4.0):
    - ProtonCore-Log (= 3.4.0)
  - ReachabilitySwift (5.0.0)
  - SDWebImage (5.10.0):
    - SDWebImage/Core (= 5.10.0)
  - SDWebImage/Core (5.10.0)
  - Sentry (5.2.2):
    - Sentry/Core (= 5.2.2)
  - Sentry/Core (5.2.2)
  - SwiftGen (6.4.0)
  - SwiftLint (0.43.1)
  - SwiftyBeaver (1.9.5)
  - TrustKit (1.7.0)
  - TunnelKit (3.3.1):
    - TunnelKit/Protocols/OpenVPN (= 3.3.1)
  - TunnelKit/AppExtension (3.3.1):
    - SwiftyBeaver
    - TunnelKit/Core
  - TunnelKit/Core (3.3.1):
    - SwiftyBeaver
  - TunnelKit/Manager (3.3.1):
    - SwiftyBeaver
  - TunnelKit/Protocols/OpenVPN (3.3.1):
    - OpenSSL-Apple (~> 1.1.1h.10)
    - TunnelKit/AppExtension
    - TunnelKit/Core
    - TunnelKit/Manager

DEPENDENCIES:
  - Alamofire (= 5.3.0)
  - AlamofireImage (~> 4.1)
  - GSMessages (~> 1.0)
  - KeychainAccess (= 3.2.1)
  - Logging (= 1.4.0)
  - "pmtest (from `git@gitlab.protontech.ch:apple/shared/pmtestautomation.git`, commit `579ef5f66deea4231784614d936956982f53ee30`)"
  - "ProtonCore-APIClient/Alamofire (from `git@gitlab.protontech.ch:apple/shared/protoncore.git`, tag `3.4.0`)"
  - "ProtonCore-Authentication-KeyGeneration/UsingCryptoVPN+Alamofire (from `git@gitlab.protontech.ch:apple/shared/protoncore.git`, tag `3.4.0`)"
  - "ProtonCore-Authentication/UsingCryptoVPN+Alamofire (from `git@gitlab.protontech.ch:apple/shared/protoncore.git`, tag `3.4.0`)"
  - "ProtonCore-Challenge (from `git@gitlab.protontech.ch:apple/shared/protoncore.git`, tag `3.4.0`)"
  - "ProtonCore-CoreTranslation (from `git@gitlab.protontech.ch:apple/shared/protoncore.git`, tag `3.4.0`)"
  - "ProtonCore-Crypto-VPN (from `git@gitlab.protontech.ch:apple/shared/protoncore.git`, tag `3.4.0`)"
  - "ProtonCore-DataModel (from `git@gitlab.protontech.ch:apple/shared/protoncore.git`, tag `3.4.0`)"
  - "ProtonCore-Doh (from `git@gitlab.protontech.ch:apple/shared/protoncore.git`, tag `3.4.0`)"
  - "ProtonCore-ForceUpgrade/Alamofire (from `git@gitlab.protontech.ch:apple/shared/protoncore.git`, tag `3.4.0`)"
  - "ProtonCore-Foundations (from `git@gitlab.protontech.ch:apple/shared/protoncore.git`, tag `3.4.0`)"
  - "ProtonCore-HumanVerification/Alamofire (from `git@gitlab.protontech.ch:apple/shared/protoncore.git`, tag `3.4.0`)"
  - "ProtonCore-Log (from `git@gitlab.protontech.ch:apple/shared/protoncore.git`, tag `3.4.0`)"
  - "ProtonCore-Login/UsingCryptoVPN+Alamofire (from `git@gitlab.protontech.ch:apple/shared/protoncore.git`, tag `3.4.0`)"
  - "ProtonCore-LoginUI/UsingCryptoVPN+Alamofire (from `git@gitlab.protontech.ch:apple/shared/protoncore.git`, tag `3.4.0`)"
  - "ProtonCore-Networking/Alamofire (from `git@gitlab.protontech.ch:apple/shared/protoncore.git`, tag `3.4.0`)"
  - "ProtonCore-OpenPGP (from `git@gitlab.protontech.ch:apple/shared/protoncore.git`, tag `3.4.0`)"
  - "ProtonCore-Payments/UsingCryptoVPN+Alamofire (from `git@gitlab.protontech.ch:apple/shared/protoncore.git`, tag `3.4.0`)"
  - "ProtonCore-PaymentsUI/UsingCryptoVPN+Alamofire (from `git@gitlab.protontech.ch:apple/shared/protoncore.git`, tag `3.4.0`)"
  - "ProtonCore-Services/Alamofire (from `git@gitlab.protontech.ch:apple/shared/protoncore.git`, tag `3.4.0`)"
  - "ProtonCore-SRP (from `git@gitlab.protontech.ch:apple/shared/protoncore.git`, tag `3.4.0`)"
  - "ProtonCore-UIFoundations (from `git@gitlab.protontech.ch:apple/shared/protoncore.git`, tag `3.4.0`)"
  - "ProtonCore-Utilities (from `git@gitlab.protontech.ch:apple/shared/protoncore.git`, tag `3.4.0`)"
  - ReachabilitySwift (= 5.0.0)
  - SDWebImage (= 5.10.0)
  - Sentry (= 5.2.2)
  - SwiftGen (~> 6.0)
  - SwiftLint
  - TrustKit (from `https://github.com/ProtonMail/TrustKit`, commit `838fba789e01c9cabff77acea3fb7135f71a220f`)
  - "TunnelKit (from `git@gitlab.protontech.ch:apple/vpn/tunnelkit.git`, branch `develop`)"

SPEC REPOS:
  trunk:
    - Alamofire
    - AlamofireImage
    - AwaitKit
    - GSMessages
    - KeychainAccess
    - Logging
    - lottie-ios
    - OpenSSL-Apple
    - PromiseKit
    - ReachabilitySwift
    - SDWebImage
    - Sentry
    - SwiftGen
    - SwiftLint
    - SwiftyBeaver

EXTERNAL SOURCES:
  pmtest:
    :commit: 579ef5f66deea4231784614d936956982f53ee30
    :git: "git@gitlab.protontech.ch:apple/shared/pmtestautomation.git"
  ProtonCore-APIClient:
    :git: "git@gitlab.protontech.ch:apple/shared/protoncore.git"
    :tag: 3.4.0
  ProtonCore-Authentication:
    :git: "git@gitlab.protontech.ch:apple/shared/protoncore.git"
    :tag: 3.4.0
  ProtonCore-Authentication-KeyGeneration:
    :git: "git@gitlab.protontech.ch:apple/shared/protoncore.git"
    :tag: 3.4.0
  ProtonCore-Challenge:
    :git: "git@gitlab.protontech.ch:apple/shared/protoncore.git"
    :tag: 3.4.0
  ProtonCore-CoreTranslation:
    :git: "git@gitlab.protontech.ch:apple/shared/protoncore.git"
    :tag: 3.4.0
  ProtonCore-Crypto-VPN:
    :git: "git@gitlab.protontech.ch:apple/shared/protoncore.git"
    :tag: 3.4.0
  ProtonCore-DataModel:
    :git: "git@gitlab.protontech.ch:apple/shared/protoncore.git"
    :tag: 3.4.0
  ProtonCore-Doh:
    :git: "git@gitlab.protontech.ch:apple/shared/protoncore.git"
    :tag: 3.4.0
  ProtonCore-ForceUpgrade:
    :git: "git@gitlab.protontech.ch:apple/shared/protoncore.git"
    :tag: 3.4.0
  ProtonCore-Foundations:
    :git: "git@gitlab.protontech.ch:apple/shared/protoncore.git"
    :tag: 3.4.0
  ProtonCore-HumanVerification:
    :git: "git@gitlab.protontech.ch:apple/shared/protoncore.git"
    :tag: 3.4.0
  ProtonCore-Log:
    :git: "git@gitlab.protontech.ch:apple/shared/protoncore.git"
    :tag: 3.4.0
  ProtonCore-Login:
    :git: "git@gitlab.protontech.ch:apple/shared/protoncore.git"
    :tag: 3.4.0
  ProtonCore-LoginUI:
    :git: "git@gitlab.protontech.ch:apple/shared/protoncore.git"
    :tag: 3.4.0
  ProtonCore-Networking:
    :git: "git@gitlab.protontech.ch:apple/shared/protoncore.git"
    :tag: 3.4.0
  ProtonCore-OpenPGP:
    :git: "git@gitlab.protontech.ch:apple/shared/protoncore.git"
    :tag: 3.4.0
  ProtonCore-Payments:
    :git: "git@gitlab.protontech.ch:apple/shared/protoncore.git"
    :tag: 3.4.0
  ProtonCore-PaymentsUI:
    :git: "git@gitlab.protontech.ch:apple/shared/protoncore.git"
    :tag: 3.4.0
  ProtonCore-Services:
    :git: "git@gitlab.protontech.ch:apple/shared/protoncore.git"
    :tag: 3.4.0
  ProtonCore-SRP:
    :git: "git@gitlab.protontech.ch:apple/shared/protoncore.git"
    :tag: 3.4.0
  ProtonCore-UIFoundations:
    :git: "git@gitlab.protontech.ch:apple/shared/protoncore.git"
    :tag: 3.4.0
  ProtonCore-Utilities:
    :git: "git@gitlab.protontech.ch:apple/shared/protoncore.git"
    :tag: 3.4.0
  TrustKit:
    :commit: 838fba789e01c9cabff77acea3fb7135f71a220f
    :git: https://github.com/ProtonMail/TrustKit
  TunnelKit:
    :branch: develop
    :git: "git@gitlab.protontech.ch:apple/vpn/tunnelkit.git"

CHECKOUT OPTIONS:
  pmtest:
    :commit: 579ef5f66deea4231784614d936956982f53ee30
    :git: "git@gitlab.protontech.ch:apple/shared/pmtestautomation.git"
  ProtonCore-APIClient:
    :git: "git@gitlab.protontech.ch:apple/shared/protoncore.git"
    :tag: 3.4.0
  ProtonCore-Authentication:
    :git: "git@gitlab.protontech.ch:apple/shared/protoncore.git"
    :tag: 3.4.0
  ProtonCore-Authentication-KeyGeneration:
    :git: "git@gitlab.protontech.ch:apple/shared/protoncore.git"
    :tag: 3.4.0
  ProtonCore-Challenge:
    :git: "git@gitlab.protontech.ch:apple/shared/protoncore.git"
    :tag: 3.4.0
  ProtonCore-CoreTranslation:
    :git: "git@gitlab.protontech.ch:apple/shared/protoncore.git"
    :tag: 3.4.0
  ProtonCore-Crypto-VPN:
    :git: "git@gitlab.protontech.ch:apple/shared/protoncore.git"
    :tag: 3.4.0
  ProtonCore-DataModel:
    :git: "git@gitlab.protontech.ch:apple/shared/protoncore.git"
    :tag: 3.4.0
  ProtonCore-Doh:
    :git: "git@gitlab.protontech.ch:apple/shared/protoncore.git"
    :tag: 3.4.0
  ProtonCore-ForceUpgrade:
    :git: "git@gitlab.protontech.ch:apple/shared/protoncore.git"
    :tag: 3.4.0
  ProtonCore-Foundations:
    :git: "git@gitlab.protontech.ch:apple/shared/protoncore.git"
    :tag: 3.4.0
  ProtonCore-HumanVerification:
    :git: "git@gitlab.protontech.ch:apple/shared/protoncore.git"
    :tag: 3.4.0
  ProtonCore-Log:
    :git: "git@gitlab.protontech.ch:apple/shared/protoncore.git"
    :tag: 3.4.0
  ProtonCore-Login:
    :git: "git@gitlab.protontech.ch:apple/shared/protoncore.git"
    :tag: 3.4.0
  ProtonCore-LoginUI:
    :git: "git@gitlab.protontech.ch:apple/shared/protoncore.git"
    :tag: 3.4.0
  ProtonCore-Networking:
    :git: "git@gitlab.protontech.ch:apple/shared/protoncore.git"
    :tag: 3.4.0
  ProtonCore-OpenPGP:
    :git: "git@gitlab.protontech.ch:apple/shared/protoncore.git"
    :tag: 3.4.0
  ProtonCore-Payments:
    :git: "git@gitlab.protontech.ch:apple/shared/protoncore.git"
    :tag: 3.4.0
  ProtonCore-PaymentsUI:
    :git: "git@gitlab.protontech.ch:apple/shared/protoncore.git"
    :tag: 3.4.0
  ProtonCore-Services:
    :git: "git@gitlab.protontech.ch:apple/shared/protoncore.git"
    :tag: 3.4.0
  ProtonCore-SRP:
    :git: "git@gitlab.protontech.ch:apple/shared/protoncore.git"
    :tag: 3.4.0
  ProtonCore-UIFoundations:
    :git: "git@gitlab.protontech.ch:apple/shared/protoncore.git"
    :tag: 3.4.0
  ProtonCore-Utilities:
    :git: "git@gitlab.protontech.ch:apple/shared/protoncore.git"
    :tag: 3.4.0
  TrustKit:
    :commit: 838fba789e01c9cabff77acea3fb7135f71a220f
    :git: https://github.com/ProtonMail/TrustKit
  TunnelKit:
    :commit: 08bcdc6246d1ff71674b4e5e4dc97ae54b58a131
    :git: "git@gitlab.protontech.ch:apple/vpn/tunnelkit.git"

SPEC CHECKSUMS:
  Alamofire: 2c792affbdc2f18016e08fdbcacd60aebe1ba593
  AlamofireImage: c4a2ba349885fb3064feb74d2e547bd42ce9be10
  AwaitKit: 512626cd12c82b1fbffddc8f414d0364cb456004
  GSMessages: 9a82cc40465b88cd5d5759bee1fe812c3c63cc3a
  KeychainAccess: d5470352939ced6d6f7fb51cb2e67aae51fc294f
  Logging: beeb016c9c80cf77042d62e83495816847ef108b
  lottie-ios: c058aeafa76daa4cf64d773554bccc8385d0150e
  OpenSSL-Apple: 3104e6d32de21815b68aeba31edaa6a78d90e7e0
  pmtest: cb339e22597f14ee4aba80b8c7d850018fb44496
  PromiseKit: 3b2b6995e51a954c46dbc550ce3da44fbfb563c5
  ProtonCore-APIClient: 9f3fd0a087fb6196804d60d901d5a5e676074b87
  ProtonCore-Authentication: bf6f21fb970c3cb312bdc0c347105b2fcc09c782
  ProtonCore-Authentication-KeyGeneration: 6ba9ef35701c392245cf21905b4f926b05105805
  ProtonCore-Challenge: 644be710daa8afcfcfe1a603d16938fba1b40d2d
  ProtonCore-CoreTranslation: 5bbbf20ece866224a9d618c1252a8fd03f1431a0
  ProtonCore-Crypto-VPN: a6a2cf0002202cb35214fe6823ebfca1dba9ad91
  ProtonCore-DataModel: 892503658edbade0e3318474683840fa18da3dcb
  ProtonCore-Doh: 6d967cd432977af27b834cf1a5de2aec08e28212
  ProtonCore-ForceUpgrade: 0afe140e2415ddf3302977b6b8626c792dd4a231
  ProtonCore-Foundations: 7eca9f772d9291adfaa40f0df4a1d48537667e2b
  ProtonCore-HumanVerification: db9241e9c90b6062906c0d6e91cb602c2e753afc
  ProtonCore-Log: 85ad2160e8e32458552371b0aba60aa3145fec0d
  ProtonCore-Login: 766cec044baf3ab22c737aff4aa5c6a24af0036c
  ProtonCore-LoginUI: af591348f1cdb6e9ed2df2777cbd363c013673c3
  ProtonCore-Networking: 186ebcb2ecda664b4d5d56d5831b19a3b6329250
  ProtonCore-OpenPGP: 6d8440b257b15b117200a2c4b30f4b25f9415409
  ProtonCore-Payments: 3e886a7ce6d55cbe5149eb85c7174ebd15ab7c8a
  ProtonCore-PaymentsUI: 19e2d10c1d3216922ab83632403f883a24ed144e
  ProtonCore-Services: 95bcf0625cf4a54c838d83602ed53e760669a499
  ProtonCore-SRP: 0c04bca2c760d8b98370aca9cfb73287b8b4d460
  ProtonCore-UIFoundations: fa0b5baca1e22d3876796e97b060646f1475f98d
  ProtonCore-Utilities: 8c081b01a95db68206e494186af03f881ba954b4
  ReachabilitySwift: 985039c6f7b23a1da463388634119492ff86c825
  SDWebImage: 9169792e9eec3e45bba2a0c02f74bf8bd922d1ee
  Sentry: 8fa58a051237554f22507fb483b9a1de0171a2dc
  SwiftGen: 67860cc7c3cfc2ed25b9b74cfd55495fc89f9108
  SwiftLint: 99f82d07b837b942dd563c668de129a03fc3fb52
  SwiftyBeaver: 84069991dd5dca07d7069100985badaca7f0ce82
  TrustKit: 3fb011102271b79f7e3742bc2cfc54bb7193ca74
  TunnelKit: abc76b7580ac190c4e932d8e67b9ece11fba45a4

PODFILE CHECKSUM: dc26536077ddcd5bf1eed4ec1d5c18d041abe45d

COCOAPODS: 1.11.2
