PODS:
  - AFNetworking (4.0.1):
    - AFNetworking/NSURLSession (= 4.0.1)
    - AFNetworking/Reachability (= 4.0.1)
    - AFNetworking/Security (= 4.0.1)
    - AFNetworking/Serialization (= 4.0.1)
    - AFNetworking/UIKit (= 4.0.1)
  - AFNetworking/NSURLSession (4.0.1):
    - AFNetworking/Reachability
    - AFNetworking/Security
    - AFNetworking/Serialization
  - AFNetworking/Reachability (4.0.1)
  - AFNetworking/Security (4.0.1)
  - AFNetworking/Serialization (4.0.1)
  - AFNetworking/UIKit (4.0.1):
    - AFNetworking/NSURLSession
  - Alamofire (5.3.0)
  - AwaitKit (5.0.1):
    - PromiseKit (~> 6)
  - KeychainAccess (3.2.1)
  - OpenSSL-Apple (1.1.1j.11)
  - PMNetworking (1.0.0):
    - AFNetworking (~> 4.0)
    - AwaitKit (~> 5.0.0)
    - PromiseKit (~> 6.0)
  - PromiseKit (6.13.1):
    - PromiseKit/CorePromise (= 6.13.1)
    - PromiseKit/Foundation (= 6.13.1)
    - PromiseKit/UIKit (= 6.13.1)
  - PromiseKit/CorePromise (6.13.1)
  - PromiseKit/Foundation (6.13.1):
    - PromiseKit/CorePromise
  - PromiseKit/UIKit (6.13.1):
    - PromiseKit/CorePromise
  - ReachabilitySwift (5.0.0)
  - Sentry (4.5.0):
    - Sentry/Core (= 4.5.0)
  - Sentry/Core (4.5.0)
  - SwiftLint (0.42.0)
  - SwiftyBeaver (1.9.3)
  - TrustKit (1.7.0)
  - TunnelKit (3.3.1):
    - TunnelKit/Protocols/OpenVPN (= 3.3.1)
  - TunnelKit/AppExtension (3.3.1):
    - SwiftyBeaver
    - TunnelKit/Core
  - TunnelKit/Core (3.3.1):
    - SwiftyBeaver
  - TunnelKit/Manager (3.3.1):
    - SwiftyBeaver
  - TunnelKit/Protocols/OpenVPN (3.3.1):
    - OpenSSL-Apple (~> 1.1.1h.10)
    - TunnelKit/AppExtension
    - TunnelKit/Core
    - TunnelKit/Manager

DEPENDENCIES:
  - Alamofire (= 5.3.0)
  - KeychainAccess (= 3.2.1)
  - PMNetworking (from `../pmnetworking`)
  - ReachabilitySwift (= 5.0.0)
  - Sentry (= 4.5.0)
  - SwiftLint
  - TrustKit (from `https://github.com/ProtonMail/TrustKit`, commit `838fba789e01c9cabff77acea3fb7135f71a220f`)
  - TunnelKit (from `../tunnelkit`)

SPEC REPOS:
  https://github.com/CocoaPods/Specs.git:
    - AFNetworking
    - Alamofire
    - AwaitKit
    - KeychainAccess
    - OpenSSL-Apple
    - PromiseKit
    - ReachabilitySwift
    - Sentry
    - SwiftLint
    - SwiftyBeaver

EXTERNAL SOURCES:
  PMNetworking:
    :path: "../pmnetworking"
  TrustKit:
    :commit: 838fba789e01c9cabff77acea3fb7135f71a220f
    :git: https://github.com/ProtonMail/TrustKit
  TunnelKit:
    :path: "../tunnelkit"

CHECKOUT OPTIONS:
  TrustKit:
    :commit: 838fba789e01c9cabff77acea3fb7135f71a220f
    :git: https://github.com/ProtonMail/TrustKit

SPEC CHECKSUMS:
  AFNetworking: 7864c38297c79aaca1500c33288e429c3451fdce
  Alamofire: 2c792affbdc2f18016e08fdbcacd60aebe1ba593
  AwaitKit: a6d0b0b6d603cedda8ef1c1c249b8d6730359917
  KeychainAccess: d5470352939ced6d6f7fb51cb2e67aae51fc294f
  OpenSSL-Apple: bb7c9715a259404de040f5359ed3b3170cedf8d6
  PMNetworking: da1b9cbdcbe6df0f265a9228a579f149340b3fa1
  PromiseKit: 28fda91c973cc377875d8c0ea4f973013c05b6db
  ReachabilitySwift: 985039c6f7b23a1da463388634119492ff86c825
  Sentry: ab6c209f23700d1460691dbc90e19ed0a05d496b
  SwiftLint: 4fa9579c63416865179bc416f0a92d55f009600d
  SwiftyBeaver: 2e8acd6fc90c6d0a27055867a290794926d57c02
  TrustKit: 3fb011102271b79f7e3742bc2cfc54bb7193ca74
  TunnelKit: abc76b7580ac190c4e932d8e67b9ece11fba45a4

PODFILE CHECKSUM: 308d0eaa01a68df665f57344b5651251053a62a1

COCOAPODS: 1.10.1
