// !$*UTF8*$!
{
	archiveVersion = 1;
	classes = {
	};
	objectVersion = 55;
	objects = {

/* Begin PBXBuildFile section */
		F32D4D452768B37D00914CCF /* Support+iOS.swift in Sources */ = {isa = PBXBuildFile; fileRef = F32D4D442768B37D00914CCF /* Support+iOS.swift */; };
		F32D4D492768B5A300914CCF /* FeatureFlags.swift in Sources */ = {isa = PBXBuildFile; fileRef = F32D4D482768B5A300914CCF /* FeatureFlags.swift */; };
		F32D4D4A2768B5A300914CCF /* FeatureFlags.swift in Sources */ = {isa = PBXBuildFile; fileRef = F32D4D482768B5A300914CCF /* FeatureFlags.swift */; };
		F32D4D4C2768B5F200914CCF /* Support+macOS.swift in Sources */ = {isa = PBXBuildFile; fileRef = F32D4D4B2768B5F200914CCF /* Support+macOS.swift */; };
		F32D4DB92768CA2900914CCF /* AppDelegate.swift in Sources */ = {isa = PBXBuildFile; fileRef = F32D4DB82768CA2900914CCF /* AppDelegate.swift */; };
		F32D4DBB2768CA2900914CCF /* SceneDelegate.swift in Sources */ = {isa = PBXBuildFile; fileRef = F32D4DBA2768CA2900914CCF /* SceneDelegate.swift */; };
		F32D4DBD2768CA2900914CCF /* ViewController.swift in Sources */ = {isa = PBXBuildFile; fileRef = F32D4DBC2768CA2900914CCF /* ViewController.swift */; };
		F32D4DC02768CA2900914CCF /* Main.storyboard in Resources */ = {isa = PBXBuildFile; fileRef = F32D4DBE2768CA2900914CCF /* Main.storyboard */; };
		F32D4DC22768CA2B00914CCF /* Assets.xcassets in Resources */ = {isa = PBXBuildFile; fileRef = F32D4DC12768CA2B00914CCF /* Assets.xcassets */; };
		F32D4DC52768CA2B00914CCF /* LaunchScreen.storyboard in Resources */ = {isa = PBXBuildFile; fileRef = F32D4DC32768CA2B00914CCF /* LaunchScreen.storyboard */; };
		F32D4DCC2768CAC500914CCF /* BugReportView.swift in Sources */ = {isa = PBXBuildFile; fileRef = F38DF85A2760BB7200DA10CB /* BugReportView.swift */; };
		F32D4DD42768CC6D00914CCF /* AppDelegate.swift in Sources */ = {isa = PBXBuildFile; fileRef = F32D4DD32768CC6D00914CCF /* AppDelegate.swift */; };
		F32D4DD62768CC6D00914CCF /* ViewController.swift in Sources */ = {isa = PBXBuildFile; fileRef = F32D4DD52768CC6D00914CCF /* ViewController.swift */; };
		F32D4DD82768CC7000914CCF /* Assets.xcassets in Resources */ = {isa = PBXBuildFile; fileRef = F32D4DD72768CC7000914CCF /* Assets.xcassets */; };
		F32D4DDB2768CC7000914CCF /* Main.storyboard in Resources */ = {isa = PBXBuildFile; fileRef = F32D4DD92768CC7000914CCF /* Main.storyboard */; };
		F32D4DE02768CDB100914CCF /* BugReportView.swift in Sources */ = {isa = PBXBuildFile; fileRef = F38DF85A2760BB7200DA10CB /* BugReportView.swift */; };
		F38DF8542760BB5700DA10CB /* BugReport.h in Headers */ = {isa = PBXBuildFile; fileRef = F38DF8532760BB5700DA10CB /* BugReport.h */; settings = {ATTRIBUTES = (Public, ); }; };
		F38DF85B2760BB7200DA10CB /* BugReportView.swift in Sources */ = {isa = PBXBuildFile; fileRef = F38DF85A2760BB7200DA10CB /* BugReportView.swift */; };
		F38DF8742760C21D00DA10CB /* BugReportView.swift in Sources */ = {isa = PBXBuildFile; fileRef = F38DF85A2760BB7200DA10CB /* BugReportView.swift */; };
/* End PBXBuildFile section */

/* Begin PBXFileReference section */
		F32D4D442768B37D00914CCF /* Support+iOS.swift */ = {isa = PBXFileReference; lastKnownFileType = sourcecode.swift; path = "Support+iOS.swift"; sourceTree = "<group>"; };
		F32D4D482768B5A300914CCF /* FeatureFlags.swift */ = {isa = PBXFileReference; lastKnownFileType = sourcecode.swift; path = FeatureFlags.swift; sourceTree = "<group>"; };
		F32D4D4B2768B5F200914CCF /* Support+macOS.swift */ = {isa = PBXFileReference; lastKnownFileType = sourcecode.swift; path = "Support+macOS.swift"; sourceTree = "<group>"; };
		F32D4DB62768CA2900914CCF /* BugReportiOSSampleApp.app */ = {isa = PBXFileReference; explicitFileType = wrapper.application; includeInIndex = 0; path = BugReportiOSSampleApp.app; sourceTree = BUILT_PRODUCTS_DIR; };
		F32D4DB82768CA2900914CCF /* AppDelegate.swift */ = {isa = PBXFileReference; lastKnownFileType = sourcecode.swift; path = AppDelegate.swift; sourceTree = "<group>"; };
		F32D4DBA2768CA2900914CCF /* SceneDelegate.swift */ = {isa = PBXFileReference; lastKnownFileType = sourcecode.swift; path = SceneDelegate.swift; sourceTree = "<group>"; };
		F32D4DBC2768CA2900914CCF /* ViewController.swift */ = {isa = PBXFileReference; lastKnownFileType = sourcecode.swift; path = ViewController.swift; sourceTree = "<group>"; };
		F32D4DBF2768CA2900914CCF /* Base */ = {isa = PBXFileReference; lastKnownFileType = file.storyboard; name = Base; path = Base.lproj/Main.storyboard; sourceTree = "<group>"; };
		F32D4DC12768CA2B00914CCF /* Assets.xcassets */ = {isa = PBXFileReference; lastKnownFileType = folder.assetcatalog; path = Assets.xcassets; sourceTree = "<group>"; };
		F32D4DC42768CA2B00914CCF /* Base */ = {isa = PBXFileReference; lastKnownFileType = file.storyboard; name = Base; path = Base.lproj/LaunchScreen.storyboard; sourceTree = "<group>"; };
		F32D4DC62768CA2B00914CCF /* Info.plist */ = {isa = PBXFileReference; lastKnownFileType = text.plist.xml; path = Info.plist; sourceTree = "<group>"; };
		F32D4DD12768CC6D00914CCF /* BugReportmacOSSampleApp.app */ = {isa = PBXFileReference; explicitFileType = wrapper.application; includeInIndex = 0; path = BugReportmacOSSampleApp.app; sourceTree = BUILT_PRODUCTS_DIR; };
		F32D4DD32768CC6D00914CCF /* AppDelegate.swift */ = {isa = PBXFileReference; lastKnownFileType = sourcecode.swift; path = AppDelegate.swift; sourceTree = "<group>"; };
		F32D4DD52768CC6D00914CCF /* ViewController.swift */ = {isa = PBXFileReference; lastKnownFileType = sourcecode.swift; path = ViewController.swift; sourceTree = "<group>"; };
		F32D4DD72768CC7000914CCF /* Assets.xcassets */ = {isa = PBXFileReference; lastKnownFileType = folder.assetcatalog; path = Assets.xcassets; sourceTree = "<group>"; };
		F32D4DDA2768CC7000914CCF /* Base */ = {isa = PBXFileReference; lastKnownFileType = file.storyboard; name = Base; path = Base.lproj/Main.storyboard; sourceTree = "<group>"; };
		F32D4DDC2768CC7000914CCF /* BugReportmacOSSampleApp.entitlements */ = {isa = PBXFileReference; lastKnownFileType = text.plist.entitlements; path = BugReportmacOSSampleApp.entitlements; sourceTree = "<group>"; };
		F38DF8502760BB5700DA10CB /* BugReport.framework */ = {isa = PBXFileReference; explicitFileType = wrapper.framework; includeInIndex = 0; path = BugReport.framework; sourceTree = BUILT_PRODUCTS_DIR; };
		F38DF8532760BB5700DA10CB /* BugReport.h */ = {isa = PBXFileReference; lastKnownFileType = sourcecode.c.h; path = BugReport.h; sourceTree = "<group>"; };
		F38DF85A2760BB7200DA10CB /* BugReportView.swift */ = {isa = PBXFileReference; lastKnownFileType = sourcecode.swift; path = BugReportView.swift; sourceTree = "<group>"; };
		F38DF86D2760C1F100DA10CB /* BugReport.framework */ = {isa = PBXFileReference; explicitFileType = wrapper.framework; includeInIndex = 0; path = BugReport.framework; sourceTree = BUILT_PRODUCTS_DIR; };
/* End PBXFileReference section */

/* Begin PBXFrameworksBuildPhase section */
		F32D4DB32768CA2900914CCF /* Frameworks */ = {
			isa = PBXFrameworksBuildPhase;
			buildActionMask = 2147483647;
			files = (
			);
			runOnlyForDeploymentPostprocessing = 0;
		};
		F32D4DCE2768CC6D00914CCF /* Frameworks */ = {
			isa = PBXFrameworksBuildPhase;
			buildActionMask = 2147483647;
			files = (
			);
			runOnlyForDeploymentPostprocessing = 0;
		};
		F38DF84D2760BB5700DA10CB /* Frameworks */ = {
			isa = PBXFrameworksBuildPhase;
			buildActionMask = 2147483647;
			files = (
			);
			runOnlyForDeploymentPostprocessing = 0;
		};
		F38DF86A2760C1F100DA10CB /* Frameworks */ = {
			isa = PBXFrameworksBuildPhase;
			buildActionMask = 2147483647;
			files = (
			);
			runOnlyForDeploymentPostprocessing = 0;
		};
/* End PBXFrameworksBuildPhase section */

/* Begin PBXGroup section */
		F32D4D472768B57600914CCF /* Support */ = {
			isa = PBXGroup;
			children = (
				F32D4D442768B37D00914CCF /* Support+iOS.swift */,
				F32D4D4B2768B5F200914CCF /* Support+macOS.swift */,
				F32D4D482768B5A300914CCF /* FeatureFlags.swift */,
			);
			path = Support;
			sourceTree = "<group>";
		};
		F32D4DB72768CA2900914CCF /* iOS */ = {
			isa = PBXGroup;
			children = (
				F32D4DB82768CA2900914CCF /* AppDelegate.swift */,
				F32D4DBA2768CA2900914CCF /* SceneDelegate.swift */,
				F32D4DBC2768CA2900914CCF /* ViewController.swift */,
				F32D4DBE2768CA2900914CCF /* Main.storyboard */,
				F32D4DC12768CA2B00914CCF /* Assets.xcassets */,
				F32D4DC32768CA2B00914CCF /* LaunchScreen.storyboard */,
				F32D4DC62768CA2B00914CCF /* Info.plist */,
			);
			path = iOS;
			sourceTree = "<group>";
		};
		F32D4DCB2768CA5F00914CCF /* SampleApps */ = {
			isa = PBXGroup;
			children = (
				F32D4DD22768CC6D00914CCF /* macOS */,
				F32D4DB72768CA2900914CCF /* iOS */,
			);
			path = SampleApps;
			sourceTree = "<group>";
		};
		F32D4DD22768CC6D00914CCF /* macOS */ = {
			isa = PBXGroup;
			children = (
				F32D4DD32768CC6D00914CCF /* AppDelegate.swift */,
				F32D4DD52768CC6D00914CCF /* ViewController.swift */,
				F32D4DD72768CC7000914CCF /* Assets.xcassets */,
				F32D4DD92768CC7000914CCF /* Main.storyboard */,
				F32D4DDC2768CC7000914CCF /* BugReportmacOSSampleApp.entitlements */,
			);
			path = macOS;
			sourceTree = "<group>";
		};
		F38DF8462760BB5700DA10CB = {
			isa = PBXGroup;
			children = (
				F38DF85A2760BB7200DA10CB /* BugReportView.swift */,
				F38DF8532760BB5700DA10CB /* BugReport.h */,
				F32D4D472768B57600914CCF /* Support */,
				F32D4DCB2768CA5F00914CCF /* SampleApps */,
				F38DF8512760BB5700DA10CB /* Products */,
			);
			sourceTree = "<group>";
		};
		F38DF8512760BB5700DA10CB /* Products */ = {
			isa = PBXGroup;
			children = (
				F38DF8502760BB5700DA10CB /* BugReport.framework */,
				F38DF86D2760C1F100DA10CB /* BugReport.framework */,
				F32D4DB62768CA2900914CCF /* BugReportiOSSampleApp.app */,
				F32D4DD12768CC6D00914CCF /* BugReportmacOSSampleApp.app */,
			);
			name = Products;
			sourceTree = "<group>";
		};
/* End PBXGroup section */

/* Begin PBXHeadersBuildPhase section */
		F38DF84B2760BB5700DA10CB /* Headers */ = {
			isa = PBXHeadersBuildPhase;
			buildActionMask = 2147483647;
			files = (
				F38DF8542760BB5700DA10CB /* BugReport.h in Headers */,
			);
			runOnlyForDeploymentPostprocessing = 0;
		};
		F38DF8682760C1F100DA10CB /* Headers */ = {
			isa = PBXHeadersBuildPhase;
			buildActionMask = 2147483647;
			files = (
			);
			runOnlyForDeploymentPostprocessing = 0;
		};
/* End PBXHeadersBuildPhase section */

/* Begin PBXNativeTarget section */
		F32D4DB52768CA2900914CCF /* BugReportiOSSampleApp */ = {
			isa = PBXNativeTarget;
			buildConfigurationList = F32D4DC92768CA2B00914CCF /* Build configuration list for PBXNativeTarget "BugReportiOSSampleApp" */;
			buildPhases = (
				F32D4DB22768CA2900914CCF /* Sources */,
				F32D4DB32768CA2900914CCF /* Frameworks */,
				F32D4DB42768CA2900914CCF /* Resources */,
			);
			buildRules = (
			);
			dependencies = (
			);
			name = BugReportiOSSampleApp;
			productName = BugReportiOSSampleApp;
			productReference = F32D4DB62768CA2900914CCF /* BugReportiOSSampleApp.app */;
			productType = "com.apple.product-type.application";
		};
		F32D4DD02768CC6D00914CCF /* BugReportmacOSSampleApp */ = {
			isa = PBXNativeTarget;
			buildConfigurationList = F32D4DDD2768CC7000914CCF /* Build configuration list for PBXNativeTarget "BugReportmacOSSampleApp" */;
			buildPhases = (
				F32D4DCD2768CC6D00914CCF /* Sources */,
				F32D4DCE2768CC6D00914CCF /* Frameworks */,
				F32D4DCF2768CC6D00914CCF /* Resources */,
			);
			buildRules = (
			);
			dependencies = (
			);
			name = BugReportmacOSSampleApp;
			productName = BugReportmacOSSampleApp;
			productReference = F32D4DD12768CC6D00914CCF /* BugReportmacOSSampleApp.app */;
			productType = "com.apple.product-type.application";
		};
		F38DF84F2760BB5700DA10CB /* BugReport-iOS */ = {
			isa = PBXNativeTarget;
			buildConfigurationList = F38DF8572760BB5700DA10CB /* Build configuration list for PBXNativeTarget "BugReport-iOS" */;
			buildPhases = (
				F38DF84B2760BB5700DA10CB /* Headers */,
				F38DF84C2760BB5700DA10CB /* Sources */,
				F38DF84D2760BB5700DA10CB /* Frameworks */,
				F38DF84E2760BB5700DA10CB /* Resources */,
			);
			buildRules = (
			);
			dependencies = (
			);
			name = "BugReport-iOS";
			productName = BugReport;
			productReference = F38DF8502760BB5700DA10CB /* BugReport.framework */;
			productType = "com.apple.product-type.framework";
		};
		F38DF86C2760C1F100DA10CB /* BugReport-macOS */ = {
			isa = PBXNativeTarget;
			buildConfigurationList = F38DF8712760C1F100DA10CB /* Build configuration list for PBXNativeTarget "BugReport-macOS" */;
			buildPhases = (
				F38DF8682760C1F100DA10CB /* Headers */,
				F38DF8692760C1F100DA10CB /* Sources */,
				F38DF86A2760C1F100DA10CB /* Frameworks */,
				F38DF86B2760C1F100DA10CB /* Resources */,
			);
			buildRules = (
			);
			dependencies = (
			);
			name = "BugReport-macOS";
			productName = "BugReport-macOS";
			productReference = F38DF86D2760C1F100DA10CB /* BugReport.framework */;
			productType = "com.apple.product-type.framework";
		};
/* End PBXNativeTarget section */

/* Begin PBXProject section */
		F38DF8472760BB5700DA10CB /* Project object */ = {
			isa = PBXProject;
			attributes = {
				BuildIndependentTargetsInParallel = 1;
				LastSwiftUpdateCheck = 1320;
				LastUpgradeCheck = 1310;
				TargetAttributes = {
					F32D4DB52768CA2900914CCF = {
						CreatedOnToolsVersion = 13.2;
					};
					F32D4DD02768CC6D00914CCF = {
						CreatedOnToolsVersion = 13.2;
					};
					F38DF84F2760BB5700DA10CB = {
						CreatedOnToolsVersion = 13.1;
						LastSwiftMigration = 1310;
					};
					F38DF86C2760C1F100DA10CB = {
						CreatedOnToolsVersion = 13.1;
					};
				};
			};
			buildConfigurationList = F38DF84A2760BB5700DA10CB /* Build configuration list for PBXProject "BugReport" */;
			compatibilityVersion = "Xcode 13.0";
			developmentRegion = en;
			hasScannedForEncodings = 0;
			knownRegions = (
				en,
				Base,
			);
			mainGroup = F38DF8462760BB5700DA10CB;
			productRefGroup = F38DF8512760BB5700DA10CB /* Products */;
			projectDirPath = "";
			projectRoot = "";
			targets = (
				F38DF84F2760BB5700DA10CB /* BugReport-iOS */,
				F38DF86C2760C1F100DA10CB /* BugReport-macOS */,
				F32D4DB52768CA2900914CCF /* BugReportiOSSampleApp */,
				F32D4DD02768CC6D00914CCF /* BugReportmacOSSampleApp */,
			);
		};
/* End PBXProject section */

/* Begin PBXResourcesBuildPhase section */
		F32D4DB42768CA2900914CCF /* Resources */ = {
			isa = PBXResourcesBuildPhase;
			buildActionMask = 2147483647;
			files = (
				F32D4DC52768CA2B00914CCF /* LaunchScreen.storyboard in Resources */,
				F32D4DC22768CA2B00914CCF /* Assets.xcassets in Resources */,
				F32D4DC02768CA2900914CCF /* Main.storyboard in Resources */,
			);
			runOnlyForDeploymentPostprocessing = 0;
		};
		F32D4DCF2768CC6D00914CCF /* Resources */ = {
			isa = PBXResourcesBuildPhase;
			buildActionMask = 2147483647;
			files = (
				F32D4DD82768CC7000914CCF /* Assets.xcassets in Resources */,
				F32D4DDB2768CC7000914CCF /* Main.storyboard in Resources */,
			);
			runOnlyForDeploymentPostprocessing = 0;
		};
		F38DF84E2760BB5700DA10CB /* Resources */ = {
			isa = PBXResourcesBuildPhase;
			buildActionMask = 2147483647;
			files = (
			);
			runOnlyForDeploymentPostprocessing = 0;
		};
		F38DF86B2760C1F100DA10CB /* Resources */ = {
			isa = PBXResourcesBuildPhase;
			buildActionMask = 2147483647;
			files = (
			);
			runOnlyForDeploymentPostprocessing = 0;
		};
/* End PBXResourcesBuildPhase section */

/* Begin PBXSourcesBuildPhase section */
		F32D4DB22768CA2900914CCF /* Sources */ = {
			isa = PBXSourcesBuildPhase;
			buildActionMask = 2147483647;
			files = (
				F32D4DBD2768CA2900914CCF /* ViewController.swift in Sources */,
				F32D4DB92768CA2900914CCF /* AppDelegate.swift in Sources */,
				F32D4DBB2768CA2900914CCF /* SceneDelegate.swift in Sources */,
				F32D4DCC2768CAC500914CCF /* BugReportView.swift in Sources */,
			);
			runOnlyForDeploymentPostprocessing = 0;
		};
		F32D4DCD2768CC6D00914CCF /* Sources */ = {
			isa = PBXSourcesBuildPhase;
			buildActionMask = 2147483647;
			files = (
				F32D4DE02768CDB100914CCF /* BugReportView.swift in Sources */,
				F32D4DD62768CC6D00914CCF /* ViewController.swift in Sources */,
				F32D4DD42768CC6D00914CCF /* AppDelegate.swift in Sources */,
			);
			runOnlyForDeploymentPostprocessing = 0;
		};
		F38DF84C2760BB5700DA10CB /* Sources */ = {
			isa = PBXSourcesBuildPhase;
			buildActionMask = 2147483647;
			files = (
				F32D4D492768B5A300914CCF /* FeatureFlags.swift in Sources */,
				F38DF85B2760BB7200DA10CB /* BugReportView.swift in Sources */,
				F32D4D452768B37D00914CCF /* Support+iOS.swift in Sources */,
			);
			runOnlyForDeploymentPostprocessing = 0;
		};
		F38DF8692760C1F100DA10CB /* Sources */ = {
			isa = PBXSourcesBuildPhase;
			buildActionMask = 2147483647;
			files = (
				F32D4D4A2768B5A300914CCF /* FeatureFlags.swift in Sources */,
				F38DF8742760C21D00DA10CB /* BugReportView.swift in Sources */,
				F32D4D4C2768B5F200914CCF /* Support+macOS.swift in Sources */,
			);
			runOnlyForDeploymentPostprocessing = 0;
		};
/* End PBXSourcesBuildPhase section */

/* Begin PBXVariantGroup section */
		F32D4DBE2768CA2900914CCF /* Main.storyboard */ = {
			isa = PBXVariantGroup;
			children = (
				F32D4DBF2768CA2900914CCF /* Base */,
			);
			name = Main.storyboard;
			sourceTree = "<group>";
		};
		F32D4DC32768CA2B00914CCF /* LaunchScreen.storyboard */ = {
			isa = PBXVariantGroup;
			children = (
				F32D4DC42768CA2B00914CCF /* Base */,
			);
			name = LaunchScreen.storyboard;
			sourceTree = "<group>";
		};
		F32D4DD92768CC7000914CCF /* Main.storyboard */ = {
			isa = PBXVariantGroup;
			children = (
				F32D4DDA2768CC7000914CCF /* Base */,
			);
			name = Main.storyboard;
			sourceTree = "<group>";
		};
/* End PBXVariantGroup section */

/* Begin XCBuildConfiguration section */
		F32D4DC72768CA2B00914CCF /* Debug */ = {
			isa = XCBuildConfiguration;
			buildSettings = {
				ASSETCATALOG_COMPILER_APPICON_NAME = AppIcon;
				ASSETCATALOG_COMPILER_GLOBAL_ACCENT_COLOR_NAME = AccentColor;
				CODE_SIGN_STYLE = Automatic;
				CURRENT_PROJECT_VERSION = 1;
				DEVELOPMENT_TEAM = 2SB5Z68H26;
				GENERATE_INFOPLIST_FILE = YES;
				INFOPLIST_FILE = SampleApps/iOS/Info.plist;
				INFOPLIST_KEY_UIApplicationSupportsIndirectInputEvents = YES;
				INFOPLIST_KEY_UILaunchStoryboardName = LaunchScreen;
				INFOPLIST_KEY_UIMainStoryboardFile = Main;
				INFOPLIST_KEY_UISupportedInterfaceOrientations_iPad = "UIInterfaceOrientationPortrait UIInterfaceOrientationPortraitUpsideDown UIInterfaceOrientationLandscapeLeft UIInterfaceOrientationLandscapeRight";
				INFOPLIST_KEY_UISupportedInterfaceOrientations_iPhone = "UIInterfaceOrientationPortrait UIInterfaceOrientationLandscapeLeft UIInterfaceOrientationLandscapeRight";
				IPHONEOS_DEPLOYMENT_TARGET = 13.0;
				LD_RUNPATH_SEARCH_PATHS = (
					"$(inherited)",
					"@executable_path/Frameworks",
				);
				MARKETING_VERSION = 1.0;
				PRODUCT_BUNDLE_IDENTIFIER = ch.protonmail.BugReportiOSSampleApp;
				PRODUCT_NAME = "$(TARGET_NAME)";
				SWIFT_EMIT_LOC_STRINGS = YES;
				SWIFT_VERSION = 5.0;
				TARGETED_DEVICE_FAMILY = "1,2";
			};
			name = Debug;
		};
		F32D4DC82768CA2B00914CCF /* Release */ = {
			isa = XCBuildConfiguration;
			buildSettings = {
				ASSETCATALOG_COMPILER_APPICON_NAME = AppIcon;
				ASSETCATALOG_COMPILER_GLOBAL_ACCENT_COLOR_NAME = AccentColor;
				CODE_SIGN_STYLE = Automatic;
				CURRENT_PROJECT_VERSION = 1;
				DEVELOPMENT_TEAM = 2SB5Z68H26;
				GENERATE_INFOPLIST_FILE = YES;
				INFOPLIST_FILE = SampleApps/iOS/Info.plist;
				INFOPLIST_KEY_UIApplicationSupportsIndirectInputEvents = YES;
				INFOPLIST_KEY_UILaunchStoryboardName = LaunchScreen;
				INFOPLIST_KEY_UIMainStoryboardFile = Main;
				INFOPLIST_KEY_UISupportedInterfaceOrientations_iPad = "UIInterfaceOrientationPortrait UIInterfaceOrientationPortraitUpsideDown UIInterfaceOrientationLandscapeLeft UIInterfaceOrientationLandscapeRight";
				INFOPLIST_KEY_UISupportedInterfaceOrientations_iPhone = "UIInterfaceOrientationPortrait UIInterfaceOrientationLandscapeLeft UIInterfaceOrientationLandscapeRight";
				IPHONEOS_DEPLOYMENT_TARGET = 13.0;
				LD_RUNPATH_SEARCH_PATHS = (
					"$(inherited)",
					"@executable_path/Frameworks",
				);
				MARKETING_VERSION = 1.0;
				PRODUCT_BUNDLE_IDENTIFIER = ch.protonmail.BugReportiOSSampleApp;
				PRODUCT_NAME = "$(TARGET_NAME)";
				SWIFT_EMIT_LOC_STRINGS = YES;
				SWIFT_VERSION = 5.0;
				TARGETED_DEVICE_FAMILY = "1,2";
			};
			name = Release;
		};
		F32D4DDE2768CC7000914CCF /* Debug */ = {
			isa = XCBuildConfiguration;
			buildSettings = {
				ASSETCATALOG_COMPILER_APPICON_NAME = AppIcon;
				ASSETCATALOG_COMPILER_GLOBAL_ACCENT_COLOR_NAME = AccentColor;
				CODE_SIGN_ENTITLEMENTS = SampleApps/macOS/BugReportmacOSSampleApp.entitlements;
				CODE_SIGN_STYLE = Automatic;
				COMBINE_HIDPI_IMAGES = YES;
				CURRENT_PROJECT_VERSION = 1;
				DEVELOPMENT_TEAM = 2SB5Z68H26;
				ENABLE_HARDENED_RUNTIME = YES;
				GENERATE_INFOPLIST_FILE = YES;
				INFOPLIST_KEY_NSHumanReadableCopyright = "";
				INFOPLIST_KEY_NSMainStoryboardFile = Main;
				INFOPLIST_KEY_NSPrincipalClass = NSApplication;
				LD_RUNPATH_SEARCH_PATHS = (
					"$(inherited)",
					"@executable_path/../Frameworks",
				);
				MACOSX_DEPLOYMENT_TARGET = 11.6;
				MARKETING_VERSION = 1.0;
				PRODUCT_BUNDLE_IDENTIFIER = ch.protonmail.BugReportmacOSSampleApp;
				PRODUCT_NAME = "$(TARGET_NAME)";
				SDKROOT = macosx;
				SWIFT_EMIT_LOC_STRINGS = YES;
				SWIFT_VERSION = 5.0;
			};
			name = Debug;
		};
		F32D4DDF2768CC7000914CCF /* Release */ = {
			isa = XCBuildConfiguration;
			buildSettings = {
				ASSETCATALOG_COMPILER_APPICON_NAME = AppIcon;
				ASSETCATALOG_COMPILER_GLOBAL_ACCENT_COLOR_NAME = AccentColor;
				CODE_SIGN_ENTITLEMENTS = SampleApps/macOS/BugReportmacOSSampleApp.entitlements;
				CODE_SIGN_STYLE = Automatic;
				COMBINE_HIDPI_IMAGES = YES;
				CURRENT_PROJECT_VERSION = 1;
				DEVELOPMENT_TEAM = 2SB5Z68H26;
				ENABLE_HARDENED_RUNTIME = YES;
				GENERATE_INFOPLIST_FILE = YES;
				INFOPLIST_KEY_NSHumanReadableCopyright = "";
				INFOPLIST_KEY_NSMainStoryboardFile = Main;
				INFOPLIST_KEY_NSPrincipalClass = NSApplication;
				LD_RUNPATH_SEARCH_PATHS = (
					"$(inherited)",
					"@executable_path/../Frameworks",
				);
				MACOSX_DEPLOYMENT_TARGET = 11.6;
				MARKETING_VERSION = 1.0;
				PRODUCT_BUNDLE_IDENTIFIER = ch.protonmail.BugReportmacOSSampleApp;
				PRODUCT_NAME = "$(TARGET_NAME)";
				SDKROOT = macosx;
				SWIFT_EMIT_LOC_STRINGS = YES;
				SWIFT_VERSION = 5.0;
			};
			name = Release;
		};
		F38DF8552760BB5700DA10CB /* Debug */ = {
			isa = XCBuildConfiguration;
			buildSettings = {
				ALWAYS_SEARCH_USER_PATHS = NO;
				CLANG_ANALYZER_NONNULL = YES;
				CLANG_ANALYZER_NUMBER_OBJECT_CONVERSION = YES_AGGRESSIVE;
				CLANG_CXX_LANGUAGE_STANDARD = "gnu++17";
				CLANG_CXX_LIBRARY = "libc++";
				CLANG_ENABLE_MODULES = YES;
				CLANG_ENABLE_OBJC_ARC = YES;
				CLANG_ENABLE_OBJC_WEAK = YES;
				CLANG_WARN_BLOCK_CAPTURE_AUTORELEASING = YES;
				CLANG_WARN_BOOL_CONVERSION = YES;
				CLANG_WARN_COMMA = YES;
				CLANG_WARN_CONSTANT_CONVERSION = YES;
				CLANG_WARN_DEPRECATED_OBJC_IMPLEMENTATIONS = YES;
				CLANG_WARN_DIRECT_OBJC_ISA_USAGE = YES_ERROR;
				CLANG_WARN_DOCUMENTATION_COMMENTS = YES;
				CLANG_WARN_EMPTY_BODY = YES;
				CLANG_WARN_ENUM_CONVERSION = YES;
				CLANG_WARN_INFINITE_RECURSION = YES;
				CLANG_WARN_INT_CONVERSION = YES;
				CLANG_WARN_NON_LITERAL_NULL_CONVERSION = YES;
				CLANG_WARN_OBJC_IMPLICIT_RETAIN_SELF = YES;
				CLANG_WARN_OBJC_LITERAL_CONVERSION = YES;
				CLANG_WARN_OBJC_ROOT_CLASS = YES_ERROR;
				CLANG_WARN_QUOTED_INCLUDE_IN_FRAMEWORK_HEADER = YES;
				CLANG_WARN_RANGE_LOOP_ANALYSIS = YES;
				CLANG_WARN_STRICT_PROTOTYPES = YES;
				CLANG_WARN_SUSPICIOUS_MOVE = YES;
				CLANG_WARN_UNGUARDED_AVAILABILITY = YES_AGGRESSIVE;
				CLANG_WARN_UNREACHABLE_CODE = YES;
				CLANG_WARN__DUPLICATE_METHOD_MATCH = YES;
				COPY_PHASE_STRIP = NO;
				CURRENT_PROJECT_VERSION = 1;
				DEBUG_INFORMATION_FORMAT = dwarf;
				ENABLE_STRICT_OBJC_MSGSEND = YES;
				ENABLE_TESTABILITY = YES;
				GCC_C_LANGUAGE_STANDARD = gnu11;
				GCC_DYNAMIC_NO_PIC = NO;
				GCC_NO_COMMON_BLOCKS = YES;
				GCC_OPTIMIZATION_LEVEL = 0;
				GCC_PREPROCESSOR_DEFINITIONS = (
					"DEBUG=1",
					"$(inherited)",
				);
				GCC_WARN_64_TO_32_BIT_CONVERSION = YES;
				GCC_WARN_ABOUT_RETURN_TYPE = YES_ERROR;
				GCC_WARN_UNDECLARED_SELECTOR = YES;
				GCC_WARN_UNINITIALIZED_AUTOS = YES_AGGRESSIVE;
				GCC_WARN_UNUSED_FUNCTION = YES;
				GCC_WARN_UNUSED_VARIABLE = YES;
				IPHONEOS_DEPLOYMENT_TARGET = 15.0;
				MTL_ENABLE_DEBUG_INFO = INCLUDE_SOURCE;
				MTL_FAST_MATH = YES;
				ONLY_ACTIVE_ARCH = YES;
				SDKROOT = iphoneos;
				SWIFT_ACTIVE_COMPILATION_CONDITIONS = DEBUG;
				SWIFT_OPTIMIZATION_LEVEL = "-Onone";
				VERSIONING_SYSTEM = "apple-generic";
				VERSION_INFO_PREFIX = "";
			};
			name = Debug;
		};
		F38DF8562760BB5700DA10CB /* Release */ = {
			isa = XCBuildConfiguration;
			buildSettings = {
				ALWAYS_SEARCH_USER_PATHS = NO;
				CLANG_ANALYZER_NONNULL = YES;
				CLANG_ANALYZER_NUMBER_OBJECT_CONVERSION = YES_AGGRESSIVE;
				CLANG_CXX_LANGUAGE_STANDARD = "gnu++17";
				CLANG_CXX_LIBRARY = "libc++";
				CLANG_ENABLE_MODULES = YES;
				CLANG_ENABLE_OBJC_ARC = YES;
				CLANG_ENABLE_OBJC_WEAK = YES;
				CLANG_WARN_BLOCK_CAPTURE_AUTORELEASING = YES;
				CLANG_WARN_BOOL_CONVERSION = YES;
				CLANG_WARN_COMMA = YES;
				CLANG_WARN_CONSTANT_CONVERSION = YES;
				CLANG_WARN_DEPRECATED_OBJC_IMPLEMENTATIONS = YES;
				CLANG_WARN_DIRECT_OBJC_ISA_USAGE = YES_ERROR;
				CLANG_WARN_DOCUMENTATION_COMMENTS = YES;
				CLANG_WARN_EMPTY_BODY = YES;
				CLANG_WARN_ENUM_CONVERSION = YES;
				CLANG_WARN_INFINITE_RECURSION = YES;
				CLANG_WARN_INT_CONVERSION = YES;
				CLANG_WARN_NON_LITERAL_NULL_CONVERSION = YES;
				CLANG_WARN_OBJC_IMPLICIT_RETAIN_SELF = YES;
				CLANG_WARN_OBJC_LITERAL_CONVERSION = YES;
				CLANG_WARN_OBJC_ROOT_CLASS = YES_ERROR;
				CLANG_WARN_QUOTED_INCLUDE_IN_FRAMEWORK_HEADER = YES;
				CLANG_WARN_RANGE_LOOP_ANALYSIS = YES;
				CLANG_WARN_STRICT_PROTOTYPES = YES;
				CLANG_WARN_SUSPICIOUS_MOVE = YES;
				CLANG_WARN_UNGUARDED_AVAILABILITY = YES_AGGRESSIVE;
				CLANG_WARN_UNREACHABLE_CODE = YES;
				CLANG_WARN__DUPLICATE_METHOD_MATCH = YES;
				COPY_PHASE_STRIP = NO;
				CURRENT_PROJECT_VERSION = 1;
				DEBUG_INFORMATION_FORMAT = "dwarf-with-dsym";
				ENABLE_NS_ASSERTIONS = NO;
				ENABLE_STRICT_OBJC_MSGSEND = YES;
				GCC_C_LANGUAGE_STANDARD = gnu11;
				GCC_NO_COMMON_BLOCKS = YES;
				GCC_WARN_64_TO_32_BIT_CONVERSION = YES;
				GCC_WARN_ABOUT_RETURN_TYPE = YES_ERROR;
				GCC_WARN_UNDECLARED_SELECTOR = YES;
				GCC_WARN_UNINITIALIZED_AUTOS = YES_AGGRESSIVE;
				GCC_WARN_UNUSED_FUNCTION = YES;
				GCC_WARN_UNUSED_VARIABLE = YES;
				IPHONEOS_DEPLOYMENT_TARGET = 15.0;
				MTL_ENABLE_DEBUG_INFO = NO;
				MTL_FAST_MATH = YES;
				SDKROOT = iphoneos;
				SWIFT_COMPILATION_MODE = wholemodule;
				SWIFT_OPTIMIZATION_LEVEL = "-O";
				VALIDATE_PRODUCT = YES;
				VERSIONING_SYSTEM = "apple-generic";
				VERSION_INFO_PREFIX = "";
			};
			name = Release;
		};
		F38DF8582760BB5700DA10CB /* Debug */ = {
			isa = XCBuildConfiguration;
			buildSettings = {
				CLANG_ENABLE_MODULES = YES;
				CODE_SIGN_STYLE = Automatic;
				CURRENT_PROJECT_VERSION = 1;
				DEFINES_MODULE = YES;
				DEVELOPMENT_TEAM = 2SB5Z68H26;
				DYLIB_COMPATIBILITY_VERSION = 1;
				DYLIB_CURRENT_VERSION = 1;
				DYLIB_INSTALL_NAME_BASE = "@rpath";
				GENERATE_INFOPLIST_FILE = YES;
				INFOPLIST_KEY_NSHumanReadableCopyright = "";
				INSTALL_PATH = "$(LOCAL_LIBRARY_DIR)/Frameworks";
				IPHONEOS_DEPLOYMENT_TARGET = 12.1;
				LD_RUNPATH_SEARCH_PATHS = (
					"$(inherited)",
					"@executable_path/Frameworks",
					"@loader_path/Frameworks",
				);
				MARKETING_VERSION = 1.0;
				PRODUCT_BUNDLE_IDENTIFIER = ch.protonmail.BugReport;
				PRODUCT_MODULE_NAME = BugReport;
				PRODUCT_NAME = BugReport;
				SKIP_INSTALL = YES;
				SUPPORTS_MACCATALYST = NO;
				SWIFT_EMIT_LOC_STRINGS = YES;
				SWIFT_OPTIMIZATION_LEVEL = "-Onone";
				SWIFT_VERSION = 5.0;
				TARGETED_DEVICE_FAMILY = "1,2";
			};
			name = Debug;
		};
		F38DF8592760BB5700DA10CB /* Release */ = {
			isa = XCBuildConfiguration;
			buildSettings = {
				CLANG_ENABLE_MODULES = YES;
				CODE_SIGN_STYLE = Automatic;
				CURRENT_PROJECT_VERSION = 1;
				DEFINES_MODULE = YES;
				DEVELOPMENT_TEAM = 2SB5Z68H26;
				DYLIB_COMPATIBILITY_VERSION = 1;
				DYLIB_CURRENT_VERSION = 1;
				DYLIB_INSTALL_NAME_BASE = "@rpath";
				GENERATE_INFOPLIST_FILE = YES;
				INFOPLIST_KEY_NSHumanReadableCopyright = "";
				INSTALL_PATH = "$(LOCAL_LIBRARY_DIR)/Frameworks";
				IPHONEOS_DEPLOYMENT_TARGET = 12.1;
				LD_RUNPATH_SEARCH_PATHS = (
					"$(inherited)",
					"@executable_path/Frameworks",
					"@loader_path/Frameworks",
				);
				MARKETING_VERSION = 1.0;
				PRODUCT_BUNDLE_IDENTIFIER = ch.protonmail.BugReport;
				PRODUCT_MODULE_NAME = BugReport;
				PRODUCT_NAME = BugReport;
				SKIP_INSTALL = YES;
				SUPPORTS_MACCATALYST = NO;
				SWIFT_EMIT_LOC_STRINGS = YES;
				SWIFT_VERSION = 5.0;
				TARGETED_DEVICE_FAMILY = "1,2";
			};
			name = Release;
		};
		F38DF8722760C1F100DA10CB /* Debug */ = {
			isa = XCBuildConfiguration;
			buildSettings = {
				CODE_SIGN_STYLE = Automatic;
				COMBINE_HIDPI_IMAGES = YES;
				CURRENT_PROJECT_VERSION = 1;
				DEFINES_MODULE = YES;
				DEVELOPMENT_TEAM = 2SB5Z68H26;
				DYLIB_COMPATIBILITY_VERSION = 1;
				DYLIB_CURRENT_VERSION = 1;
				DYLIB_INSTALL_NAME_BASE = "@rpath";
				GENERATE_INFOPLIST_FILE = YES;
				INFOPLIST_KEY_NSHumanReadableCopyright = "";
				INSTALL_PATH = "$(LOCAL_LIBRARY_DIR)/Frameworks";
				LD_RUNPATH_SEARCH_PATHS = (
					"$(inherited)",
					"@executable_path/../Frameworks",
					"@loader_path/Frameworks",
				);
				MACOSX_DEPLOYMENT_TARGET = 10.15;
				MARKETING_VERSION = 1.0;
				PRODUCT_BUNDLE_IDENTIFIER = ch.protonmail.BugReport;
				PRODUCT_MODULE_NAME = BugReport;
				PRODUCT_NAME = BugReport;
				SDKROOT = macosx;
				SKIP_INSTALL = YES;
				SWIFT_EMIT_LOC_STRINGS = YES;
				SWIFT_VERSION = 5.0;
			};
			name = Debug;
		};
		F38DF8732760C1F100DA10CB /* Release */ = {
			isa = XCBuildConfiguration;
			buildSettings = {
				CODE_SIGN_STYLE = Automatic;
				COMBINE_HIDPI_IMAGES = YES;
				CURRENT_PROJECT_VERSION = 1;
				DEFINES_MODULE = YES;
				DEVELOPMENT_TEAM = 2SB5Z68H26;
				DYLIB_COMPATIBILITY_VERSION = 1;
				DYLIB_CURRENT_VERSION = 1;
				DYLIB_INSTALL_NAME_BASE = "@rpath";
				GENERATE_INFOPLIST_FILE = YES;
				INFOPLIST_KEY_NSHumanReadableCopyright = "";
				INSTALL_PATH = "$(LOCAL_LIBRARY_DIR)/Frameworks";
				LD_RUNPATH_SEARCH_PATHS = (
					"$(inherited)",
					"@executable_path/../Frameworks",
					"@loader_path/Frameworks",
				);
				MACOSX_DEPLOYMENT_TARGET = 10.15;
				MARKETING_VERSION = 1.0;
				PRODUCT_BUNDLE_IDENTIFIER = ch.protonmail.BugReport;
				PRODUCT_MODULE_NAME = BugReport;
				PRODUCT_NAME = BugReport;
				SDKROOT = macosx;
				SKIP_INSTALL = YES;
				SWIFT_EMIT_LOC_STRINGS = YES;
				SWIFT_VERSION = 5.0;
			};
			name = Release;
		};
/* End XCBuildConfiguration section */

/* Begin XCConfigurationList section */
		F32D4DC92768CA2B00914CCF /* Build configuration list for PBXNativeTarget "BugReportiOSSampleApp" */ = {
			isa = XCConfigurationList;
			buildConfigurations = (
				F32D4DC72768CA2B00914CCF /* Debug */,
				F32D4DC82768CA2B00914CCF /* Release */,
			);
			defaultConfigurationIsVisible = 0;
			defaultConfigurationName = Release;
		};
		F32D4DDD2768CC7000914CCF /* Build configuration list for PBXNativeTarget "BugReportmacOSSampleApp" */ = {
			isa = XCConfigurationList;
			buildConfigurations = (
				F32D4DDE2768CC7000914CCF /* Debug */,
				F32D4DDF2768CC7000914CCF /* Release */,
			);
			defaultConfigurationIsVisible = 0;
			defaultConfigurationName = Release;
		};
		F38DF84A2760BB5700DA10CB /* Build configuration list for PBXProject "BugReport" */ = {
			isa = XCConfigurationList;
			buildConfigurations = (
				F38DF8552760BB5700DA10CB /* Debug */,
				F38DF8562760BB5700DA10CB /* Release */,
			);
			defaultConfigurationIsVisible = 0;
			defaultConfigurationName = Release;
		};
		F38DF8572760BB5700DA10CB /* Build configuration list for PBXNativeTarget "BugReport-iOS" */ = {
			isa = XCConfigurationList;
			buildConfigurations = (
				F38DF8582760BB5700DA10CB /* Debug */,
				F38DF8592760BB5700DA10CB /* Release */,
			);
			defaultConfigurationIsVisible = 0;
			defaultConfigurationName = Release;
		};
		F38DF8712760C1F100DA10CB /* Build configuration list for PBXNativeTarget "BugReport-macOS" */ = {
			isa = XCConfigurationList;
			buildConfigurations = (
				F38DF8722760C1F100DA10CB /* Debug */,
				F38DF8732760C1F100DA10CB /* Release */,
			);
			defaultConfigurationIsVisible = 0;
			defaultConfigurationName = Release;
		};
/* End XCConfigurationList section */
	};
	rootObject = F38DF8472760BB5700DA10CB /* Project object */;
}
