{
  "object": {
    "pins": [
      {
        "package": "WireGuardKit",
        "repositoryURL": "https://github.com/jaroslavas/wireguard-apple.git",
        "state": {
          "branch": null,
          "revision": "79121c5bdf072ce87c0370e070f82982233f5fb2",
          "version": null
        }
      }
    ]
  },
  "version": 1
}
