{
  "object": {
    "pins": [
      {
        "package": "WireGuardKit",
        "repositoryURL": "https://git.zx2c4.com/wireguard-apple",
        "state": {
          "branch": null,
          "revision": "eb528c766baedaf6d84c4ded820a67513122cf69",
          "version": null
        }
      }
    ]
  },
  "version": 1
}
