PODS:
  - Alamofire (5.3.0)
  - KeychainAccess (3.2.1)
  - OpenSSL-Apple (1.1.1g.6)
  - ReachabilitySwift (5.0.0)
  - SDWebImage (5.10.0):
    - SDWebImage/Core (= 5.10.0)
  - SDWebImage/Core (5.10.0)
  - Sentry (4.5.0):
    - Sentry/Core (= 4.5.0)
  - Sentry/Core (4.5.0)
  - Sparkle (1.24.0)
  - SwiftLint (0.42.0)
  - SwiftyBeaver (1.9.3)
  - TrustKit (1.6.5)
  - TunnelKit (2.3.0):
    - TunnelKit/Protocols/OpenVPN (= 2.3.0)
  - TunnelKit/AppExtension (2.3.0):
    - SwiftyBeaver
    - TunnelKit/Core
  - TunnelKit/Core (2.3.0):
    - SwiftyBeaver
  - TunnelKit/Protocols/OpenVPN (2.3.0):
    - OpenSSL-Apple (~> 1.1.1g.6)
    - TunnelKit/AppExtension
    - TunnelKit/Core
  - vpncore (1.0.0):
    - Alamofire (= 5.3.0)
    - KeychainAccess (= 3.2.1)
    - ReachabilitySwift (= 5.0.0)
    - Sentry (= 4.5.0)
    - TrustKit (= 1.6.5)
    - TunnelKit

DEPENDENCIES:
  - KeychainAccess (= 3.2.1)
  - ReachabilitySwift (= 5.0.0)
  - SDWebImage (= 5.10.0)
  - Sentry (= 4.5.0)
  - Sparkle (= 1.24.0)
  - SwiftLint
  - TunnelKit (from `../tunnelkit`)
  - vpncore (from `../vpncore`)

SPEC REPOS:
  https://github.com/CocoaPods/Specs.git:
    - Alamofire
    - KeychainAccess
    - OpenSSL-Apple
    - ReachabilitySwift
    - SDWebImage
    - Sentry
    - Sparkle
    - SwiftLint
    - SwiftyBeaver
    - TrustKit

EXTERNAL SOURCES:
  TunnelKit:
    :branch: keychain_avoid
    :path: "../tunnelkit"
  vpncore:
    :path: "../vpncore"

SPEC CHECKSUMS:
  Alamofire: 2c792affbdc2f18016e08fdbcacd60aebe1ba593
  KeychainAccess: d5470352939ced6d6f7fb51cb2e67aae51fc294f
  OpenSSL-Apple: c9c1b9c5b2b1fc4e1758fc5f0836b58ae7fd8183
  ReachabilitySwift: 985039c6f7b23a1da463388634119492ff86c825
  SDWebImage: 9169792e9eec3e45bba2a0c02f74bf8bd922d1ee
  Sentry: ab6c209f23700d1460691dbc90e19ed0a05d496b
  Sparkle: 270cd27377bf04e9c128af06e3a22d0f572d6ee3
  SwiftLint: 4fa9579c63416865179bc416f0a92d55f009600d
  SwiftyBeaver: 2e8acd6fc90c6d0a27055867a290794926d57c02
  TrustKit: 073855e3adecd317417bda4ac9e9ac54a2e3b9f2
  TunnelKit: a4fa4ecc6fc2b9fa74c38609c0e8fc4441d9672e
  vpncore: e90f94374f94034b0ec8a78aa2d193fdf27569e0

PODFILE CHECKSUM: d571d9f3ad6ed2572165fc8130b359deddd52872

COCOAPODS: 1.10.0
