// !$*UTF8*$!
{
	archiveVersion = 1;
	classes = {
	};
	objectVersion = 55;
	objects = {

/* Begin PBXBuildFile section */
		F3F9292427A2CD0A00FE9827 /* AppDelegate.swift in Sources */ = {isa = PBXBuildFile; fileRef = F3F9292327A2CD0A00FE9827 /* AppDelegate.swift */; };
		F3F9292627A2CD0A00FE9827 /* SceneDelegate.swift in Sources */ = {isa = PBXBuildFile; fileRef = F3F9292527A2CD0A00FE9827 /* SceneDelegate.swift */; };
		F3F9292827A2CD0A00FE9827 /* ViewController.swift in Sources */ = {isa = PBXBuildFile; fileRef = F3F9292727A2CD0A00FE9827 /* ViewController.swift */; };
		F3F9292B27A2CD0A00FE9827 /* Main.storyboard in Resources */ = {isa = PBXBuildFile; fileRef = F3F9292927A2CD0A00FE9827 /* Main.storyboard */; };
		F3F9292D27A2CD0C00FE9827 /* Assets.xcassets in Resources */ = {isa = PBXBuildFile; fileRef = F3F9292C27A2CD0C00FE9827 /* Assets.xcassets */; };
		F3F9293027A2CD0C00FE9827 /* LaunchScreen.storyboard in Resources */ = {isa = PBXBuildFile; fileRef = F3F9292E27A2CD0C00FE9827 /* LaunchScreen.storyboard */; };
		F3F9294527A2CD0C00FE9827 /* OnboardingSampleAppUITests.swift in Sources */ = {isa = PBXBuildFile; fileRef = F3F9294427A2CD0C00FE9827 /* OnboardingSampleAppUITests.swift */; };
		F3F9295827A2D21400FE9827 /* Onboarding in Frameworks */ = {isa = PBXBuildFile; productRef = F3F9295727A2D21400FE9827 /* Onboarding */; };
		F3F9295A27A2D22D00FE9827 /* PlanPurchaseViewController.swift in Sources */ = {isa = PBXBuildFile; fileRef = F3F9295927A2D22D00FE9827 /* PlanPurchaseViewController.swift */; };
		F3F9296827A2D55300FE9827 /* OnboardingMainRobot.swift in Sources */ = {isa = PBXBuildFile; fileRef = F3F9296427A2D55300FE9827 /* OnboardingMainRobot.swift */; };
		F3F9296927A2D55300FE9827 /* OnboardingSlidesRobot.swift in Sources */ = {isa = PBXBuildFile; fileRef = F3F9296527A2D55300FE9827 /* OnboardingSlidesRobot.swift */; };
		F3F9296A27A2D55300FE9827 /* OnboardingConnectionRobot.swift in Sources */ = {isa = PBXBuildFile; fileRef = F3F9296627A2D55300FE9827 /* OnboardingConnectionRobot.swift */; };
		F3F9296B27A2D55300FE9827 /* OnboardingPaymentsRobot.swift in Sources */ = {isa = PBXBuildFile; fileRef = F3F9296727A2D55300FE9827 /* OnboardingPaymentsRobot.swift */; };
/* End PBXBuildFile section */

/* Begin PBXContainerItemProxy section */
		F3F9294127A2CD0C00FE9827 /* PBXContainerItemProxy */ = {
			isa = PBXContainerItemProxy;
			containerPortal = F3F9291827A2CD0A00FE9827 /* Project object */;
			proxyType = 1;
			remoteGlobalIDString = F3F9291F27A2CD0A00FE9827;
			remoteInfo = OnboardingSampleApp;
		};
/* End PBXContainerItemProxy section */

/* Begin PBXFileReference section */
		F3F9292027A2CD0A00FE9827 /* OnboardingSampleApp.app */ = {isa = PBXFileReference; explicitFileType = wrapper.application; includeInIndex = 0; path = OnboardingSampleApp.app; sourceTree = BUILT_PRODUCTS_DIR; };
		F3F9292327A2CD0A00FE9827 /* AppDelegate.swift */ = {isa = PBXFileReference; lastKnownFileType = sourcecode.swift; path = AppDelegate.swift; sourceTree = "<group>"; };
		F3F9292527A2CD0A00FE9827 /* SceneDelegate.swift */ = {isa = PBXFileReference; lastKnownFileType = sourcecode.swift; path = SceneDelegate.swift; sourceTree = "<group>"; };
		F3F9292727A2CD0A00FE9827 /* ViewController.swift */ = {isa = PBXFileReference; lastKnownFileType = sourcecode.swift; path = ViewController.swift; sourceTree = "<group>"; };
		F3F9292A27A2CD0A00FE9827 /* Base */ = {isa = PBXFileReference; lastKnownFileType = file.storyboard; name = Base; path = Base.lproj/Main.storyboard; sourceTree = "<group>"; };
		F3F9292C27A2CD0C00FE9827 /* Assets.xcassets */ = {isa = PBXFileReference; lastKnownFileType = folder.assetcatalog; path = Assets.xcassets; sourceTree = "<group>"; };
		F3F9292F27A2CD0C00FE9827 /* Base */ = {isa = PBXFileReference; lastKnownFileType = file.storyboard; name = Base; path = Base.lproj/LaunchScreen.storyboard; sourceTree = "<group>"; };
		F3F9293127A2CD0C00FE9827 /* Info.plist */ = {isa = PBXFileReference; lastKnownFileType = text.plist.xml; path = Info.plist; sourceTree = "<group>"; };
		F3F9294027A2CD0C00FE9827 /* OnboardingSampleAppUITests.xctest */ = {isa = PBXFileReference; explicitFileType = wrapper.cfbundle; includeInIndex = 0; path = OnboardingSampleAppUITests.xctest; sourceTree = BUILT_PRODUCTS_DIR; };
		F3F9294427A2CD0C00FE9827 /* OnboardingSampleAppUITests.swift */ = {isa = PBXFileReference; lastKnownFileType = sourcecode.swift; path = OnboardingSampleAppUITests.swift; sourceTree = "<group>"; };
		F3F9295927A2D22D00FE9827 /* PlanPurchaseViewController.swift */ = {isa = PBXFileReference; fileEncoding = 4; lastKnownFileType = sourcecode.swift; path = PlanPurchaseViewController.swift; sourceTree = "<group>"; };
		F3F9296427A2D55300FE9827 /* OnboardingMainRobot.swift */ = {isa = PBXFileReference; fileEncoding = 4; lastKnownFileType = sourcecode.swift; path = OnboardingMainRobot.swift; sourceTree = "<group>"; };
		F3F9296527A2D55300FE9827 /* OnboardingSlidesRobot.swift */ = {isa = PBXFileReference; fileEncoding = 4; lastKnownFileType = sourcecode.swift; path = OnboardingSlidesRobot.swift; sourceTree = "<group>"; };
		F3F9296627A2D55300FE9827 /* OnboardingConnectionRobot.swift */ = {isa = PBXFileReference; fileEncoding = 4; lastKnownFileType = sourcecode.swift; path = OnboardingConnectionRobot.swift; sourceTree = "<group>"; };
		F3F9296727A2D55300FE9827 /* OnboardingPaymentsRobot.swift */ = {isa = PBXFileReference; fileEncoding = 4; lastKnownFileType = sourcecode.swift; path = OnboardingPaymentsRobot.swift; sourceTree = "<group>"; };
/* End PBXFileReference section */

/* Begin PBXFrameworksBuildPhase section */
		F3F9291D27A2CD0A00FE9827 /* Frameworks */ = {
			isa = PBXFrameworksBuildPhase;
			buildActionMask = 2147483647;
			files = (
				F3F9295827A2D21400FE9827 /* Onboarding in Frameworks */,
			);
			runOnlyForDeploymentPostprocessing = 0;
		};
		F3F9293D27A2CD0C00FE9827 /* Frameworks */ = {
			isa = PBXFrameworksBuildPhase;
			buildActionMask = 2147483647;
			files = (
			);
			runOnlyForDeploymentPostprocessing = 0;
		};
/* End PBXFrameworksBuildPhase section */

/* Begin PBXGroup section */
		F3F9291727A2CD0A00FE9827 = {
			isa = PBXGroup;
			children = (
				F3F9292227A2CD0A00FE9827 /* OnboardingSampleApp */,
				F3F9294327A2CD0C00FE9827 /* OnboardingSampleAppUITests */,
				F3F9292127A2CD0A00FE9827 /* Products */,
				F3F9295627A2D21400FE9827 /* Frameworks */,
			);
			sourceTree = "<group>";
		};
		F3F9292127A2CD0A00FE9827 /* Products */ = {
			isa = PBXGroup;
			children = (
				F3F9292027A2CD0A00FE9827 /* OnboardingSampleApp.app */,
				F3F9294027A2CD0C00FE9827 /* OnboardingSampleAppUITests.xctest */,
			);
			name = Products;
			sourceTree = "<group>";
		};
		F3F9292227A2CD0A00FE9827 /* OnboardingSampleApp */ = {
			isa = PBXGroup;
			children = (
				F3F9292327A2CD0A00FE9827 /* AppDelegate.swift */,
				F3F9292527A2CD0A00FE9827 /* SceneDelegate.swift */,
				F3F9295927A2D22D00FE9827 /* PlanPurchaseViewController.swift */,
				F3F9292727A2CD0A00FE9827 /* ViewController.swift */,
				F3F9292927A2CD0A00FE9827 /* Main.storyboard */,
				F3F9292C27A2CD0C00FE9827 /* Assets.xcassets */,
				F3F9292E27A2CD0C00FE9827 /* LaunchScreen.storyboard */,
				F3F9293127A2CD0C00FE9827 /* Info.plist */,
			);
			path = OnboardingSampleApp;
			sourceTree = "<group>";
		};
		F3F9294327A2CD0C00FE9827 /* OnboardingSampleAppUITests */ = {
			isa = PBXGroup;
			children = (
				F3F9295B27A2D39F00FE9827 /* Robots */,
				F3F9294427A2CD0C00FE9827 /* OnboardingSampleAppUITests.swift */,
			);
			path = OnboardingSampleAppUITests;
			sourceTree = "<group>";
		};
		F3F9295627A2D21400FE9827 /* Frameworks */ = {
			isa = PBXGroup;
			children = (
			);
			name = Frameworks;
			sourceTree = "<group>";
		};
		F3F9295B27A2D39F00FE9827 /* Robots */ = {
			isa = PBXGroup;
			children = (
				F3F9296627A2D55300FE9827 /* OnboardingConnectionRobot.swift */,
				F3F9296427A2D55300FE9827 /* OnboardingMainRobot.swift */,
				F3F9296727A2D55300FE9827 /* OnboardingPaymentsRobot.swift */,
				F3F9296527A2D55300FE9827 /* OnboardingSlidesRobot.swift */,
			);
			path = Robots;
			sourceTree = "<group>";
		};
/* End PBXGroup section */

/* Begin PBXNativeTarget section */
		F3F9291F27A2CD0A00FE9827 /* OnboardingSampleApp */ = {
			isa = PBXNativeTarget;
			buildConfigurationList = F3F9294A27A2CD0C00FE9827 /* Build configuration list for PBXNativeTarget "OnboardingSampleApp" */;
			buildPhases = (
				F3F9291C27A2CD0A00FE9827 /* Sources */,
				F3F9291D27A2CD0A00FE9827 /* Frameworks */,
				F3F9291E27A2CD0A00FE9827 /* Resources */,
			);
			buildRules = (
			);
			dependencies = (
			);
			name = OnboardingSampleApp;
			packageProductDependencies = (
				F3F9295727A2D21400FE9827 /* Onboarding */,
			);
			productName = OnboardingSampleApp;
			productReference = F3F9292027A2CD0A00FE9827 /* OnboardingSampleApp.app */;
			productType = "com.apple.product-type.application";
		};
		F3F9293F27A2CD0C00FE9827 /* OnboardingSampleAppUITests */ = {
			isa = PBXNativeTarget;
			buildConfigurationList = F3F9295027A2CD0C00FE9827 /* Build configuration list for PBXNativeTarget "OnboardingSampleAppUITests" */;
			buildPhases = (
				F3F9293C27A2CD0C00FE9827 /* Sources */,
				F3F9293D27A2CD0C00FE9827 /* Frameworks */,
				F3F9293E27A2CD0C00FE9827 /* Resources */,
			);
			buildRules = (
			);
			dependencies = (
				F3F9294227A2CD0C00FE9827 /* PBXTargetDependency */,
			);
			name = OnboardingSampleAppUITests;
			productName = OnboardingSampleAppUITests;
			productReference = F3F9294027A2CD0C00FE9827 /* OnboardingSampleAppUITests.xctest */;
			productType = "com.apple.product-type.bundle.ui-testing";
		};
/* End PBXNativeTarget section */

/* Begin PBXProject section */
		F3F9291827A2CD0A00FE9827 /* Project object */ = {
			isa = PBXProject;
			attributes = {
				BuildIndependentTargetsInParallel = 1;
				LastSwiftUpdateCheck = 1320;
				LastUpgradeCheck = 1320;
				TargetAttributes = {
					F3F9291F27A2CD0A00FE9827 = {
						CreatedOnToolsVersion = 13.2.1;
					};
					F3F9293F27A2CD0C00FE9827 = {
						CreatedOnToolsVersion = 13.2.1;
						TestTargetID = F3F9291F27A2CD0A00FE9827;
					};
				};
			};
			buildConfigurationList = F3F9291B27A2CD0A00FE9827 /* Build configuration list for PBXProject "OnboardingSampleApp" */;
			compatibilityVersion = "Xcode 13.0";
			developmentRegion = en;
			hasScannedForEncodings = 0;
			knownRegions = (
				en,
				Base,
			);
			mainGroup = F3F9291727A2CD0A00FE9827;
			productRefGroup = F3F9292127A2CD0A00FE9827 /* Products */;
			projectDirPath = "";
			projectRoot = "";
			targets = (
				F3F9291F27A2CD0A00FE9827 /* OnboardingSampleApp */,
				F3F9293F27A2CD0C00FE9827 /* OnboardingSampleAppUITests */,
			);
		};
/* End PBXProject section */

/* Begin PBXResourcesBuildPhase section */
		F3F9291E27A2CD0A00FE9827 /* Resources */ = {
			isa = PBXResourcesBuildPhase;
			buildActionMask = 2147483647;
			files = (
				F3F9293027A2CD0C00FE9827 /* LaunchScreen.storyboard in Resources */,
				F3F9292D27A2CD0C00FE9827 /* Assets.xcassets in Resources */,
				F3F9292B27A2CD0A00FE9827 /* Main.storyboard in Resources */,
			);
			runOnlyForDeploymentPostprocessing = 0;
		};
		F3F9293E27A2CD0C00FE9827 /* Resources */ = {
			isa = PBXResourcesBuildPhase;
			buildActionMask = 2147483647;
			files = (
			);
			runOnlyForDeploymentPostprocessing = 0;
		};
/* End PBXResourcesBuildPhase section */

/* Begin PBXSourcesBuildPhase section */
		F3F9291C27A2CD0A00FE9827 /* Sources */ = {
			isa = PBXSourcesBuildPhase;
			buildActionMask = 2147483647;
			files = (
				F3F9295A27A2D22D00FE9827 /* PlanPurchaseViewController.swift in Sources */,
				F3F9292827A2CD0A00FE9827 /* ViewController.swift in Sources */,
				F3F9292427A2CD0A00FE9827 /* AppDelegate.swift in Sources */,
				F3F9292627A2CD0A00FE9827 /* SceneDelegate.swift in Sources */,
			);
			runOnlyForDeploymentPostprocessing = 0;
		};
		F3F9293C27A2CD0C00FE9827 /* Sources */ = {
			isa = PBXSourcesBuildPhase;
			buildActionMask = 2147483647;
			files = (
				F3F9296B27A2D55300FE9827 /* OnboardingPaymentsRobot.swift in Sources */,
				F3F9296927A2D55300FE9827 /* OnboardingSlidesRobot.swift in Sources */,
				F3F9296827A2D55300FE9827 /* OnboardingMainRobot.swift in Sources */,
				F3F9294527A2CD0C00FE9827 /* OnboardingSampleAppUITests.swift in Sources */,
				F3F9296A27A2D55300FE9827 /* OnboardingConnectionRobot.swift in Sources */,
			);
			runOnlyForDeploymentPostprocessing = 0;
		};
/* End PBXSourcesBuildPhase section */

/* Begin PBXTargetDependency section */
		F3F9294227A2CD0C00FE9827 /* PBXTargetDependency */ = {
			isa = PBXTargetDependency;
			target = F3F9291F27A2CD0A00FE9827 /* OnboardingSampleApp */;
			targetProxy = F3F9294127A2CD0C00FE9827 /* PBXContainerItemProxy */;
		};
/* End PBXTargetDependency section */

/* Begin PBXVariantGroup section */
		F3F9292927A2CD0A00FE9827 /* Main.storyboard */ = {
			isa = PBXVariantGroup;
			children = (
				F3F9292A27A2CD0A00FE9827 /* Base */,
			);
			name = Main.storyboard;
			sourceTree = "<group>";
		};
		F3F9292E27A2CD0C00FE9827 /* LaunchScreen.storyboard */ = {
			isa = PBXVariantGroup;
			children = (
				F3F9292F27A2CD0C00FE9827 /* Base */,
			);
			name = LaunchScreen.storyboard;
			sourceTree = "<group>";
		};
/* End PBXVariantGroup section */

/* Begin XCBuildConfiguration section */
		F3F9294827A2CD0C00FE9827 /* Debug */ = {
			isa = XCBuildConfiguration;
			buildSettings = {
				ALWAYS_SEARCH_USER_PATHS = NO;
				CLANG_ANALYZER_NONNULL = YES;
				CLANG_ANALYZER_NUMBER_OBJECT_CONVERSION = YES_AGGRESSIVE;
				CLANG_CXX_LANGUAGE_STANDARD = "gnu++17";
				CLANG_CXX_LIBRARY = "libc++";
				CLANG_ENABLE_MODULES = YES;
				CLANG_ENABLE_OBJC_ARC = YES;
				CLANG_ENABLE_OBJC_WEAK = YES;
				CLANG_WARN_BLOCK_CAPTURE_AUTORELEASING = YES;
				CLANG_WARN_BOOL_CONVERSION = YES;
				CLANG_WARN_COMMA = YES;
				CLANG_WARN_CONSTANT_CONVERSION = YES;
				CLANG_WARN_DEPRECATED_OBJC_IMPLEMENTATIONS = YES;
				CLANG_WARN_DIRECT_OBJC_ISA_USAGE = YES_ERROR;
				CLANG_WARN_DOCUMENTATION_COMMENTS = YES;
				CLANG_WARN_EMPTY_BODY = YES;
				CLANG_WARN_ENUM_CONVERSION = YES;
				CLANG_WARN_INFINITE_RECURSION = YES;
				CLANG_WARN_INT_CONVERSION = YES;
				CLANG_WARN_NON_LITERAL_NULL_CONVERSION = YES;
				CLANG_WARN_OBJC_IMPLICIT_RETAIN_SELF = YES;
				CLANG_WARN_OBJC_LITERAL_CONVERSION = YES;
				CLANG_WARN_OBJC_ROOT_CLASS = YES_ERROR;
				CLANG_WARN_QUOTED_INCLUDE_IN_FRAMEWORK_HEADER = YES;
				CLANG_WARN_RANGE_LOOP_ANALYSIS = YES;
				CLANG_WARN_STRICT_PROTOTYPES = YES;
				CLANG_WARN_SUSPICIOUS_MOVE = YES;
				CLANG_WARN_UNGUARDED_AVAILABILITY = YES_AGGRESSIVE;
				CLANG_WARN_UNREACHABLE_CODE = YES;
				CLANG_WARN__DUPLICATE_METHOD_MATCH = YES;
				COPY_PHASE_STRIP = NO;
				DEBUG_INFORMATION_FORMAT = dwarf;
				ENABLE_STRICT_OBJC_MSGSEND = YES;
				ENABLE_TESTABILITY = YES;
				GCC_C_LANGUAGE_STANDARD = gnu11;
				GCC_DYNAMIC_NO_PIC = NO;
				GCC_NO_COMMON_BLOCKS = YES;
				GCC_OPTIMIZATION_LEVEL = 0;
				GCC_PREPROCESSOR_DEFINITIONS = (
					"DEBUG=1",
					"$(inherited)",
				);
				GCC_WARN_64_TO_32_BIT_CONVERSION = YES;
				GCC_WARN_ABOUT_RETURN_TYPE = YES_ERROR;
				GCC_WARN_UNDECLARED_SELECTOR = YES;
				GCC_WARN_UNINITIALIZED_AUTOS = YES_AGGRESSIVE;
				GCC_WARN_UNUSED_FUNCTION = YES;
				GCC_WARN_UNUSED_VARIABLE = YES;
				IPHONEOS_DEPLOYMENT_TARGET = 13.0;
				MTL_ENABLE_DEBUG_INFO = INCLUDE_SOURCE;
				MTL_FAST_MATH = YES;
				ONLY_ACTIVE_ARCH = YES;
				SDKROOT = iphoneos;
				SWIFT_ACTIVE_COMPILATION_CONDITIONS = DEBUG;
				SWIFT_OPTIMIZATION_LEVEL = "-Onone";
			};
			name = Debug;
		};
		F3F9294927A2CD0C00FE9827 /* Release */ = {
			isa = XCBuildConfiguration;
			buildSettings = {
				ALWAYS_SEARCH_USER_PATHS = NO;
				CLANG_ANALYZER_NONNULL = YES;
				CLANG_ANALYZER_NUMBER_OBJECT_CONVERSION = YES_AGGRESSIVE;
				CLANG_CXX_LANGUAGE_STANDARD = "gnu++17";
				CLANG_CXX_LIBRARY = "libc++";
				CLANG_ENABLE_MODULES = YES;
				CLANG_ENABLE_OBJC_ARC = YES;
				CLANG_ENABLE_OBJC_WEAK = YES;
				CLANG_WARN_BLOCK_CAPTURE_AUTORELEASING = YES;
				CLANG_WARN_BOOL_CONVERSION = YES;
				CLANG_WARN_COMMA = YES;
				CLANG_WARN_CONSTANT_CONVERSION = YES;
				CLANG_WARN_DEPRECATED_OBJC_IMPLEMENTATIONS = YES;
				CLANG_WARN_DIRECT_OBJC_ISA_USAGE = YES_ERROR;
				CLANG_WARN_DOCUMENTATION_COMMENTS = YES;
				CLANG_WARN_EMPTY_BODY = YES;
				CLANG_WARN_ENUM_CONVERSION = YES;
				CLANG_WARN_INFINITE_RECURSION = YES;
				CLANG_WARN_INT_CONVERSION = YES;
				CLANG_WARN_NON_LITERAL_NULL_CONVERSION = YES;
				CLANG_WARN_OBJC_IMPLICIT_RETAIN_SELF = YES;
				CLANG_WARN_OBJC_LITERAL_CONVERSION = YES;
				CLANG_WARN_OBJC_ROOT_CLASS = YES_ERROR;
				CLANG_WARN_QUOTED_INCLUDE_IN_FRAMEWORK_HEADER = YES;
				CLANG_WARN_RANGE_LOOP_ANALYSIS = YES;
				CLANG_WARN_STRICT_PROTOTYPES = YES;
				CLANG_WARN_SUSPICIOUS_MOVE = YES;
				CLANG_WARN_UNGUARDED_AVAILABILITY = YES_AGGRESSIVE;
				CLANG_WARN_UNREACHABLE_CODE = YES;
				CLANG_WARN__DUPLICATE_METHOD_MATCH = YES;
				COPY_PHASE_STRIP = NO;
				DEBUG_INFORMATION_FORMAT = "dwarf-with-dsym";
				ENABLE_NS_ASSERTIONS = NO;
				ENABLE_STRICT_OBJC_MSGSEND = YES;
				GCC_C_LANGUAGE_STANDARD = gnu11;
				GCC_NO_COMMON_BLOCKS = YES;
				GCC_WARN_64_TO_32_BIT_CONVERSION = YES;
				GCC_WARN_ABOUT_RETURN_TYPE = YES_ERROR;
				GCC_WARN_UNDECLARED_SELECTOR = YES;
				GCC_WARN_UNINITIALIZED_AUTOS = YES_AGGRESSIVE;
				GCC_WARN_UNUSED_FUNCTION = YES;
				GCC_WARN_UNUSED_VARIABLE = YES;
				IPHONEOS_DEPLOYMENT_TARGET = 13.0;
				MTL_ENABLE_DEBUG_INFO = NO;
				MTL_FAST_MATH = YES;
				SDKROOT = iphoneos;
				SWIFT_COMPILATION_MODE = wholemodule;
				SWIFT_OPTIMIZATION_LEVEL = "-O";
				VALIDATE_PRODUCT = YES;
			};
			name = Release;
		};
		F3F9294B27A2CD0C00FE9827 /* Debug */ = {
			isa = XCBuildConfiguration;
			buildSettings = {
				ASSETCATALOG_COMPILER_APPICON_NAME = AppIcon;
				ASSETCATALOG_COMPILER_GLOBAL_ACCENT_COLOR_NAME = AccentColor;
				CODE_SIGN_STYLE = Automatic;
				CURRENT_PROJECT_VERSION = 1;
				DEVELOPMENT_TEAM = 2SB5Z68H26;
				GENERATE_INFOPLIST_FILE = YES;
				INFOPLIST_FILE = OnboardingSampleApp/Info.plist;
				INFOPLIST_KEY_UIApplicationSupportsIndirectInputEvents = YES;
				INFOPLIST_KEY_UILaunchStoryboardName = LaunchScreen;
				INFOPLIST_KEY_UIMainStoryboardFile = Main;
				INFOPLIST_KEY_UISupportedInterfaceOrientations_iPad = "UIInterfaceOrientationPortrait UIInterfaceOrientationPortraitUpsideDown UIInterfaceOrientationLandscapeLeft UIInterfaceOrientationLandscapeRight";
				INFOPLIST_KEY_UISupportedInterfaceOrientations_iPhone = "UIInterfaceOrientationPortrait UIInterfaceOrientationLandscapeLeft UIInterfaceOrientationLandscapeRight";
				LD_RUNPATH_SEARCH_PATHS = (
					"$(inherited)",
					"@executable_path/Frameworks",
				);
				MARKETING_VERSION = 1.0;
				PRODUCT_BUNDLE_IDENTIFIER = ch.protonmail.OnboardingSampleApp;
				PRODUCT_NAME = "$(TARGET_NAME)";
				SWIFT_EMIT_LOC_STRINGS = YES;
				SWIFT_VERSION = 5.0;
				TARGETED_DEVICE_FAMILY = "1,2";
			};
			name = Debug;
		};
		F3F9294C27A2CD0C00FE9827 /* Release */ = {
			isa = XCBuildConfiguration;
			buildSettings = {
				ASSETCATALOG_COMPILER_APPICON_NAME = AppIcon;
				ASSETCATALOG_COMPILER_GLOBAL_ACCENT_COLOR_NAME = AccentColor;
				CODE_SIGN_STYLE = Automatic;
				CURRENT_PROJECT_VERSION = 1;
				DEVELOPMENT_TEAM = 2SB5Z68H26;
				GENERATE_INFOPLIST_FILE = YES;
				INFOPLIST_FILE = OnboardingSampleApp/Info.plist;
				INFOPLIST_KEY_UIApplicationSupportsIndirectInputEvents = YES;
				INFOPLIST_KEY_UILaunchStoryboardName = LaunchScreen;
				INFOPLIST_KEY_UIMainStoryboardFile = Main;
				INFOPLIST_KEY_UISupportedInterfaceOrientations_iPad = "UIInterfaceOrientationPortrait UIInterfaceOrientationPortraitUpsideDown UIInterfaceOrientationLandscapeLeft UIInterfaceOrientationLandscapeRight";
				INFOPLIST_KEY_UISupportedInterfaceOrientations_iPhone = "UIInterfaceOrientationPortrait UIInterfaceOrientationLandscapeLeft UIInterfaceOrientationLandscapeRight";
				LD_RUNPATH_SEARCH_PATHS = (
					"$(inherited)",
					"@executable_path/Frameworks",
				);
				MARKETING_VERSION = 1.0;
				PRODUCT_BUNDLE_IDENTIFIER = ch.protonmail.OnboardingSampleApp;
				PRODUCT_NAME = "$(TARGET_NAME)";
				SWIFT_EMIT_LOC_STRINGS = YES;
				SWIFT_VERSION = 5.0;
				TARGETED_DEVICE_FAMILY = "1,2";
			};
			name = Release;
		};
		F3F9295127A2CD0C00FE9827 /* Debug */ = {
			isa = XCBuildConfiguration;
			buildSettings = {
				ALWAYS_EMBED_SWIFT_STANDARD_LIBRARIES = YES;
				CODE_SIGN_STYLE = Automatic;
				CURRENT_PROJECT_VERSION = 1;
				DEVELOPMENT_TEAM = 2SB5Z68H26;
				GENERATE_INFOPLIST_FILE = YES;
				MARKETING_VERSION = 1.0;
				PRODUCT_BUNDLE_IDENTIFIER = ch.protonmail.OnboardingSampleAppUITests;
				PRODUCT_NAME = "$(TARGET_NAME)";
				SWIFT_EMIT_LOC_STRINGS = NO;
				SWIFT_VERSION = 5.0;
				TARGETED_DEVICE_FAMILY = "1,2";
				TEST_TARGET_NAME = OnboardingSampleApp;
			};
			name = Debug;
		};
		F3F9295227A2CD0C00FE9827 /* Release */ = {
			isa = XCBuildConfiguration;
			buildSettings = {
				ALWAYS_EMBED_SWIFT_STANDARD_LIBRARIES = YES;
				CODE_SIGN_STYLE = Automatic;
				CURRENT_PROJECT_VERSION = 1;
				DEVELOPMENT_TEAM = 2SB5Z68H26;
				GENERATE_INFOPLIST_FILE = YES;
				MARKETING_VERSION = 1.0;
				PRODUCT_BUNDLE_IDENTIFIER = ch.protonmail.OnboardingSampleAppUITests;
				PRODUCT_NAME = "$(TARGET_NAME)";
				SWIFT_EMIT_LOC_STRINGS = NO;
				SWIFT_VERSION = 5.0;
				TARGETED_DEVICE_FAMILY = "1,2";
				TEST_TARGET_NAME = OnboardingSampleApp;
			};
			name = Release;
		};
/* End XCBuildConfiguration section */

/* Begin XCConfigurationList section */
		F3F9291B27A2CD0A00FE9827 /* Build configuration list for PBXProject "OnboardingSampleApp" */ = {
			isa = XCConfigurationList;
			buildConfigurations = (
				F3F9294827A2CD0C00FE9827 /* Debug */,
				F3F9294927A2CD0C00FE9827 /* Release */,
			);
			defaultConfigurationIsVisible = 0;
			defaultConfigurationName = Release;
		};
		F3F9294A27A2CD0C00FE9827 /* Build configuration list for PBXNativeTarget "OnboardingSampleApp" */ = {
			isa = XCConfigurationList;
			buildConfigurations = (
				F3F9294B27A2CD0C00FE9827 /* Debug */,
				F3F9294C27A2CD0C00FE9827 /* Release */,
			);
			defaultConfigurationIsVisible = 0;
			defaultConfigurationName = Release;
		};
		F3F9295027A2CD0C00FE9827 /* Build configuration list for PBXNativeTarget "OnboardingSampleAppUITests" */ = {
			isa = XCConfigurationList;
			buildConfigurations = (
				F3F9295127A2CD0C00FE9827 /* Debug */,
				F3F9295227A2CD0C00FE9827 /* Release */,
			);
			defaultConfigurationIsVisible = 0;
			defaultConfigurationName = Release;
		};
/* End XCConfigurationList section */

/* Begin XCSwiftPackageProductDependency section */
		F3F9295727A2D21400FE9827 /* Onboarding */ = {
			isa = XCSwiftPackageProductDependency;
			productName = Onboarding;
		};
/* End XCSwiftPackageProductDependency section */
	};
	rootObject = F3F9291827A2CD0A00FE9827 /* Project object */;
}
