// !$*UTF8*$!
{
	archiveVersion = 1;
	classes = {
	};
	objectVersion = 55;
	objects = {

/* Begin PBXBuildFile section */
		B2F106C227A16A86003113A3 /* OnboardingSampleAppBaseTestCase.swift in Sources */ = {isa = PBXBuildFile; fileRef = B2F106C127A16A86003113A3 /* OnboardingSampleAppBaseTestCase.swift */; };
		B2F106C427A16A86003113A3 /* OnboardingSampleAppUITests.swift in Sources */ = {isa = PBXBuildFile; fileRef = B2F106C327A16A86003113A3 /* OnboardingSampleAppUITests.swift */; };
		B2F106D227A17483003113A3 /* OnboardingMainRobot.swift in Sources */ = {isa = PBXBuildFile; fileRef = B2F106D127A17483003113A3 /* OnboardingMainRobot.swift */; };
		B2F106D427A18126003113A3 /* OnboardingSlidesRobot.swift in Sources */ = {isa = PBXBuildFile; fileRef = B2F106D327A18126003113A3 /* OnboardingSlidesRobot.swift */; };
		B2F106D627A18471003113A3 /* OnboardingConnectionRobot.swift in Sources */ = {isa = PBXBuildFile; fileRef = B2F106D527A18471003113A3 /* OnboardingConnectionRobot.swift */; };
		B2F106D827A18B26003113A3 /* OnboardingPaymentsRobot.swift in Sources */ = {isa = PBXBuildFile; fileRef = B2F106D727A18B26003113A3 /* OnboardingPaymentsRobot.swift */; };
		F35F0BF6278C6689000A1F76 /* PlanPurchaseViewController.swift in Sources */ = {isa = PBXBuildFile; fileRef = F35F0BF5278C6689000A1F76 /* PlanPurchaseViewController.swift */; };
		F3BC53322784A395009E49B4 /* AppDelegate.swift in Sources */ = {isa = PBXBuildFile; fileRef = F3BC53312784A395009E49B4 /* AppDelegate.swift */; };
		F3BC53342784A395009E49B4 /* SceneDelegate.swift in Sources */ = {isa = PBXBuildFile; fileRef = F3BC53332784A395009E49B4 /* SceneDelegate.swift */; };
		F3BC53362784A395009E49B4 /* ViewController.swift in Sources */ = {isa = PBXBuildFile; fileRef = F3BC53352784A395009E49B4 /* ViewController.swift */; };
		F3BC53392784A395009E49B4 /* Main.storyboard in Resources */ = {isa = PBXBuildFile; fileRef = F3BC53372784A395009E49B4 /* Main.storyboard */; };
		F3BC533B2784A396009E49B4 /* Assets.xcassets in Resources */ = {isa = PBXBuildFile; fileRef = F3BC533A2784A396009E49B4 /* Assets.xcassets */; };
		F3BC533E2784A396009E49B4 /* LaunchScreen.storyboard in Resources */ = {isa = PBXBuildFile; fileRef = F3BC533C2784A396009E49B4 /* LaunchScreen.storyboard */; };
		F3BC53472784A3E7009E49B4 /* Onboarding in Frameworks */ = {isa = PBXBuildFile; productRef = F3BC53462784A3E7009E49B4 /* Onboarding */; };
/* End PBXBuildFile section */

/* Begin PBXContainerItemProxy section */
		B2F106C527A16A86003113A3 /* PBXContainerItemProxy */ = {
			isa = PBXContainerItemProxy;
			containerPortal = F3BC53262784A395009E49B4 /* Project object */;
			proxyType = 1;
			remoteGlobalIDString = F3BC532D2784A395009E49B4;
			remoteInfo = OnboardingSampleApp;
		};
/* End PBXContainerItemProxy section */

/* Begin PBXFileReference section */
		B2F106BF27A16A86003113A3 /* OnboardingSampleAppUITests.xctest */ = {isa = PBXFileReference; explicitFileType = wrapper.cfbundle; includeInIndex = 0; path = OnboardingSampleAppUITests.xctest; sourceTree = BUILT_PRODUCTS_DIR; };
		B2F106C127A16A86003113A3 /* OnboardingSampleAppBaseTestCase.swift */ = {isa = PBXFileReference; lastKnownFileType = sourcecode.swift; path = OnboardingSampleAppBaseTestCase.swift; sourceTree = "<group>"; };
		B2F106C327A16A86003113A3 /* OnboardingSampleAppUITests.swift */ = {isa = PBXFileReference; lastKnownFileType = sourcecode.swift; path = OnboardingSampleAppUITests.swift; sourceTree = "<group>"; };
		B2F106D127A17483003113A3 /* OnboardingMainRobot.swift */ = {isa = PBXFileReference; lastKnownFileType = sourcecode.swift; path = OnboardingMainRobot.swift; sourceTree = "<group>"; };
		B2F106D327A18126003113A3 /* OnboardingSlidesRobot.swift */ = {isa = PBXFileReference; lastKnownFileType = sourcecode.swift; path = OnboardingSlidesRobot.swift; sourceTree = "<group>"; };
		B2F106D527A18471003113A3 /* OnboardingConnectionRobot.swift */ = {isa = PBXFileReference; lastKnownFileType = sourcecode.swift; path = OnboardingConnectionRobot.swift; sourceTree = "<group>"; };
		B2F106D727A18B26003113A3 /* OnboardingPaymentsRobot.swift */ = {isa = PBXFileReference; lastKnownFileType = sourcecode.swift; path = OnboardingPaymentsRobot.swift; sourceTree = "<group>"; };
		F35F0BF5278C6689000A1F76 /* PlanPurchaseViewController.swift */ = {isa = PBXFileReference; lastKnownFileType = sourcecode.swift; path = PlanPurchaseViewController.swift; sourceTree = "<group>"; };
		F3BC532E2784A395009E49B4 /* OnboardingSampleApp.app */ = {isa = PBXFileReference; explicitFileType = wrapper.application; includeInIndex = 0; path = OnboardingSampleApp.app; sourceTree = BUILT_PRODUCTS_DIR; };
		F3BC53312784A395009E49B4 /* AppDelegate.swift */ = {isa = PBXFileReference; lastKnownFileType = sourcecode.swift; path = AppDelegate.swift; sourceTree = "<group>"; };
		F3BC53332784A395009E49B4 /* SceneDelegate.swift */ = {isa = PBXFileReference; lastKnownFileType = sourcecode.swift; path = SceneDelegate.swift; sourceTree = "<group>"; };
		F3BC53352784A395009E49B4 /* ViewController.swift */ = {isa = PBXFileReference; lastKnownFileType = sourcecode.swift; path = ViewController.swift; sourceTree = "<group>"; };
		F3BC53382784A395009E49B4 /* Base */ = {isa = PBXFileReference; lastKnownFileType = file.storyboard; name = Base; path = Base.lproj/Main.storyboard; sourceTree = "<group>"; };
		F3BC533A2784A396009E49B4 /* Assets.xcassets */ = {isa = PBXFileReference; lastKnownFileType = folder.assetcatalog; path = Assets.xcassets; sourceTree = "<group>"; };
		F3BC533D2784A396009E49B4 /* Base */ = {isa = PBXFileReference; lastKnownFileType = file.storyboard; name = Base; path = Base.lproj/LaunchScreen.storyboard; sourceTree = "<group>"; };
		F3BC533F2784A396009E49B4 /* Info.plist */ = {isa = PBXFileReference; lastKnownFileType = text.plist.xml; path = Info.plist; sourceTree = "<group>"; };
/* End PBXFileReference section */

/* Begin PBXFrameworksBuildPhase section */
		B2F106BC27A16A86003113A3 /* Frameworks */ = {
			isa = PBXFrameworksBuildPhase;
			buildActionMask = 2147483647;
			files = (
			);
			runOnlyForDeploymentPostprocessing = 0;
		};
		F3BC532B2784A395009E49B4 /* Frameworks */ = {
			isa = PBXFrameworksBuildPhase;
			buildActionMask = 2147483647;
			files = (
				F3BC53472784A3E7009E49B4 /* Onboarding in Frameworks */,
			);
			runOnlyForDeploymentPostprocessing = 0;
		};
/* End PBXFrameworksBuildPhase section */

/* Begin PBXGroup section */
		B2F106C027A16A86003113A3 /* OnboardingSampleAppUITests */ = {
			isa = PBXGroup;
			children = (
				B2F106D927A19A61003113A3 /* Robots */,
				B2F106C127A16A86003113A3 /* OnboardingSampleAppBaseTestCase.swift */,
				B2F106C327A16A86003113A3 /* OnboardingSampleAppUITests.swift */,
			);
			path = OnboardingSampleAppUITests;
			sourceTree = "<group>";
		};
		B2F106D927A19A61003113A3 /* Robots */ = {
			isa = PBXGroup;
			children = (
				B2F106D127A17483003113A3 /* OnboardingMainRobot.swift */,
				B2F106D327A18126003113A3 /* OnboardingSlidesRobot.swift */,
				B2F106D527A18471003113A3 /* OnboardingConnectionRobot.swift */,
				B2F106D727A18B26003113A3 /* OnboardingPaymentsRobot.swift */,
			);
			path = Robots;
			sourceTree = "<group>";
		};
		F3BC53252784A395009E49B4 = {
			isa = PBXGroup;
			children = (
				F3BC53302784A395009E49B4 /* OnboardingSampleApp */,
				B2F106C027A16A86003113A3 /* OnboardingSampleAppUITests */,
				F3BC532F2784A395009E49B4 /* Products */,
				F3BC53452784A3E7009E49B4 /* Frameworks */,
			);
			sourceTree = "<group>";
		};
		F3BC532F2784A395009E49B4 /* Products */ = {
			isa = PBXGroup;
			children = (
				F3BC532E2784A395009E49B4 /* OnboardingSampleApp.app */,
				B2F106BF27A16A86003113A3 /* OnboardingSampleAppUITests.xctest */,
			);
			name = Products;
			sourceTree = "<group>";
		};
		F3BC53302784A395009E49B4 /* OnboardingSampleApp */ = {
			isa = PBXGroup;
			children = (
				F3BC53312784A395009E49B4 /* AppDelegate.swift */,
				F3BC53332784A395009E49B4 /* SceneDelegate.swift */,
				F3BC53352784A395009E49B4 /* ViewController.swift */,
				F3BC53372784A395009E49B4 /* Main.storyboard */,
				F35F0BF5278C6689000A1F76 /* PlanPurchaseViewController.swift */,
				F3BC533A2784A396009E49B4 /* Assets.xcassets */,
				F3BC533C2784A396009E49B4 /* LaunchScreen.storyboard */,
				F3BC533F2784A396009E49B4 /* Info.plist */,
			);
			path = OnboardingSampleApp;
			sourceTree = "<group>";
		};
		F3BC53452784A3E7009E49B4 /* Frameworks */ = {
			isa = PBXGroup;
			children = (
			);
			name = Frameworks;
			sourceTree = "<group>";
		};
/* End PBXGroup section */

/* Begin PBXNativeTarget section */
		B2F106BE27A16A86003113A3 /* OnboardingSampleAppUITests */ = {
			isa = PBXNativeTarget;
			buildConfigurationList = B2F106C727A16A86003113A3 /* Build configuration list for PBXNativeTarget "OnboardingSampleAppUITests" */;
			buildPhases = (
				B2F106BB27A16A86003113A3 /* Sources */,
				B2F106BC27A16A86003113A3 /* Frameworks */,
				B2F106BD27A16A86003113A3 /* Resources */,
			);
			buildRules = (
			);
			dependencies = (
				B2F106C627A16A86003113A3 /* PBXTargetDependency */,
			);
			name = OnboardingSampleAppUITests;
			productName = OnboardingSampleAppUITests;
			productReference = B2F106BF27A16A86003113A3 /* OnboardingSampleAppUITests.xctest */;
			productType = "com.apple.product-type.bundle.ui-testing";
		};
		F3BC532D2784A395009E49B4 /* OnboardingSampleApp */ = {
			isa = PBXNativeTarget;
			buildConfigurationList = F3BC53422784A396009E49B4 /* Build configuration list for PBXNativeTarget "OnboardingSampleApp" */;
			buildPhases = (
				F3BC532A2784A395009E49B4 /* Sources */,
				F3BC532B2784A395009E49B4 /* Frameworks */,
				F3BC532C2784A395009E49B4 /* Resources */,
			);
			buildRules = (
			);
			dependencies = (
			);
			name = OnboardingSampleApp;
			packageProductDependencies = (
				F3BC53462784A3E7009E49B4 /* Onboarding */,
			);
			productName = OnboardingSampleApp;
			productReference = F3BC532E2784A395009E49B4 /* OnboardingSampleApp.app */;
			productType = "com.apple.product-type.application";
		};
/* End PBXNativeTarget section */

/* Begin PBXProject section */
		F3BC53262784A395009E49B4 /* Project object */ = {
			isa = PBXProject;
			attributes = {
				BuildIndependentTargetsInParallel = 1;
				LastSwiftUpdateCheck = 1310;
				LastUpgradeCheck = 1320;
				TargetAttributes = {
					B2F106BE27A16A86003113A3 = {
						CreatedOnToolsVersion = 13.1;
						TestTargetID = F3BC532D2784A395009E49B4;
					};
					F3BC532D2784A395009E49B4 = {
						CreatedOnToolsVersion = 13.2.1;
					};
				};
			};
			buildConfigurationList = F3BC53292784A395009E49B4 /* Build configuration list for PBXProject "OnboardingSampleApp" */;
			compatibilityVersion = "Xcode 13.0";
			developmentRegion = en;
			hasScannedForEncodings = 0;
			knownRegions = (
				en,
				Base,
			);
			mainGroup = F3BC53252784A395009E49B4;
			productRefGroup = F3BC532F2784A395009E49B4 /* Products */;
			projectDirPath = "";
			projectRoot = "";
			targets = (
				F3BC532D2784A395009E49B4 /* OnboardingSampleApp */,
				B2F106BE27A16A86003113A3 /* OnboardingSampleAppUITests */,
			);
		};
/* End PBXProject section */

/* Begin PBXResourcesBuildPhase section */
		B2F106BD27A16A86003113A3 /* Resources */ = {
			isa = PBXResourcesBuildPhase;
			buildActionMask = 2147483647;
			files = (
			);
			runOnlyForDeploymentPostprocessing = 0;
		};
		F3BC532C2784A395009E49B4 /* Resources */ = {
			isa = PBXResourcesBuildPhase;
			buildActionMask = 2147483647;
			files = (
				F3BC533E2784A396009E49B4 /* LaunchScreen.storyboard in Resources */,
				F3BC533B2784A396009E49B4 /* Assets.xcassets in Resources */,
				F3BC53392784A395009E49B4 /* Main.storyboard in Resources */,
			);
			runOnlyForDeploymentPostprocessing = 0;
		};
/* End PBXResourcesBuildPhase section */

/* Begin PBXSourcesBuildPhase section */
		B2F106BB27A16A86003113A3 /* Sources */ = {
			isa = PBXSourcesBuildPhase;
			buildActionMask = 2147483647;
			files = (
				B2F106D427A18126003113A3 /* OnboardingSlidesRobot.swift in Sources */,
				B2F106C227A16A86003113A3 /* OnboardingSampleAppBaseTestCase.swift in Sources */,
				B2F106C427A16A86003113A3 /* OnboardingSampleAppUITests.swift in Sources */,
				B2F106D227A17483003113A3 /* OnboardingMainRobot.swift in Sources */,
				B2F106D827A18B26003113A3 /* OnboardingPaymentsRobot.swift in Sources */,
				B2F106D627A18471003113A3 /* OnboardingConnectionRobot.swift in Sources */,
			);
			runOnlyForDeploymentPostprocessing = 0;
		};
		F3BC532A2784A395009E49B4 /* Sources */ = {
			isa = PBXSourcesBuildPhase;
			buildActionMask = 2147483647;
			files = (
				F35F0BF6278C6689000A1F76 /* PlanPurchaseViewController.swift in Sources */,
				F3BC53362784A395009E49B4 /* ViewController.swift in Sources */,
				F3BC53322784A395009E49B4 /* AppDelegate.swift in Sources */,
				F3BC53342784A395009E49B4 /* SceneDelegate.swift in Sources */,
			);
			runOnlyForDeploymentPostprocessing = 0;
		};
/* End PBXSourcesBuildPhase section */

/* Begin PBXTargetDependency section */
		B2F106C627A16A86003113A3 /* PBXTargetDependency */ = {
			isa = PBXTargetDependency;
			target = F3BC532D2784A395009E49B4 /* OnboardingSampleApp */;
			targetProxy = B2F106C527A16A86003113A3 /* PBXContainerItemProxy */;
		};
/* End PBXTargetDependency section */

/* Begin PBXVariantGroup section */
		F3BC53372784A395009E49B4 /* Main.storyboard */ = {
			isa = PBXVariantGroup;
			children = (
				F3BC53382784A395009E49B4 /* Base */,
			);
			name = Main.storyboard;
			sourceTree = "<group>";
		};
		F3BC533C2784A396009E49B4 /* LaunchScreen.storyboard */ = {
			isa = PBXVariantGroup;
			children = (
				F3BC533D2784A396009E49B4 /* Base */,
			);
			name = LaunchScreen.storyboard;
			sourceTree = "<group>";
		};
/* End PBXVariantGroup section */

/* Begin XCBuildConfiguration section */
		B2F106C827A16A86003113A3 /* Debug */ = {
			isa = XCBuildConfiguration;
			buildSettings = {
				CODE_SIGN_STYLE = Automatic;
				CURRENT_PROJECT_VERSION = 1;
				DEVELOPMENT_TEAM = 2SB5Z68H26;
				GENERATE_INFOPLIST_FILE = NO;
				INFOPLIST_FILE = "";
				IPHONEOS_DEPLOYMENT_TARGET = 12.2;
				LD_RUNPATH_SEARCH_PATHS = (
					"$(inherited)",
					"@executable_path/Frameworks",
					"@loader_path/Frameworks",
				);
				MARKETING_VERSION = 1.0;
				PRODUCT_BUNDLE_IDENTIFIER = "Code-Pro.OnboardingSampleAppUITests";
				PRODUCT_NAME = "$(TARGET_NAME)";
				SWIFT_EMIT_LOC_STRINGS = NO;
				SWIFT_VERSION = 4.2;
				TARGETED_DEVICE_FAMILY = "1,2";
				TEST_TARGET_NAME = OnboardingSampleApp;
			};
			name = Debug;
		};
		B2F106C927A16A86003113A3 /* Release */ = {
			isa = XCBuildConfiguration;
			buildSettings = {
				CODE_SIGN_STYLE = Automatic;
				CURRENT_PROJECT_VERSION = 1;
				DEVELOPMENT_TEAM = 2SB5Z68H26;
				GENERATE_INFOPLIST_FILE = NO;
				INFOPLIST_FILE = "";
				IPHONEOS_DEPLOYMENT_TARGET = 12.2;
				LD_RUNPATH_SEARCH_PATHS = (
					"$(inherited)",
					"@executable_path/Frameworks",
					"@loader_path/Frameworks",
				);
				MARKETING_VERSION = 1.0;
				PRODUCT_BUNDLE_IDENTIFIER = "Code-Pro.OnboardingSampleAppUITests";
				PRODUCT_NAME = "$(TARGET_NAME)";
				SWIFT_EMIT_LOC_STRINGS = NO;
				SWIFT_VERSION = 4.2;
				TARGETED_DEVICE_FAMILY = "1,2";
				TEST_TARGET_NAME = OnboardingSampleApp;
			};
			name = Release;
		};
		F3BC53402784A396009E49B4 /* Debug */ = {
			isa = XCBuildConfiguration;
			buildSettings = {
				ALWAYS_SEARCH_USER_PATHS = NO;
				CLANG_ANALYZER_NONNULL = YES;
				CLANG_ANALYZER_NUMBER_OBJECT_CONVERSION = YES_AGGRESSIVE;
				CLANG_CXX_LANGUAGE_STANDARD = "gnu++17";
				CLANG_CXX_LIBRARY = "libc++";
				CLANG_ENABLE_MODULES = YES;
				CLANG_ENABLE_OBJC_ARC = YES;
				CLANG_ENABLE_OBJC_WEAK = YES;
				CLANG_WARN_BLOCK_CAPTURE_AUTORELEASING = YES;
				CLANG_WARN_BOOL_CONVERSION = YES;
				CLANG_WARN_COMMA = YES;
				CLANG_WARN_CONSTANT_CONVERSION = YES;
				CLANG_WARN_DEPRECATED_OBJC_IMPLEMENTATIONS = YES;
				CLANG_WARN_DIRECT_OBJC_ISA_USAGE = YES_ERROR;
				CLANG_WARN_DOCUMENTATION_COMMENTS = YES;
				CLANG_WARN_EMPTY_BODY = YES;
				CLANG_WARN_ENUM_CONVERSION = YES;
				CLANG_WARN_INFINITE_RECURSION = YES;
				CLANG_WARN_INT_CONVERSION = YES;
				CLANG_WARN_NON_LITERAL_NULL_CONVERSION = YES;
				CLANG_WARN_OBJC_IMPLICIT_RETAIN_SELF = YES;
				CLANG_WARN_OBJC_LITERAL_CONVERSION = YES;
				CLANG_WARN_OBJC_ROOT_CLASS = YES_ERROR;
				CLANG_WARN_QUOTED_INCLUDE_IN_FRAMEWORK_HEADER = YES;
				CLANG_WARN_RANGE_LOOP_ANALYSIS = YES;
				CLANG_WARN_STRICT_PROTOTYPES = YES;
				CLANG_WARN_SUSPICIOUS_MOVE = YES;
				CLANG_WARN_UNGUARDED_AVAILABILITY = YES_AGGRESSIVE;
				CLANG_WARN_UNREACHABLE_CODE = YES;
				CLANG_WARN__DUPLICATE_METHOD_MATCH = YES;
				COPY_PHASE_STRIP = NO;
				DEBUG_INFORMATION_FORMAT = dwarf;
				ENABLE_STRICT_OBJC_MSGSEND = YES;
				ENABLE_TESTABILITY = YES;
				GCC_C_LANGUAGE_STANDARD = gnu11;
				GCC_DYNAMIC_NO_PIC = NO;
				GCC_NO_COMMON_BLOCKS = YES;
				GCC_OPTIMIZATION_LEVEL = 0;
				GCC_PREPROCESSOR_DEFINITIONS = (
					"DEBUG=1",
					"$(inherited)",
				);
				GCC_WARN_64_TO_32_BIT_CONVERSION = YES;
				GCC_WARN_ABOUT_RETURN_TYPE = YES_ERROR;
				GCC_WARN_UNDECLARED_SELECTOR = YES;
				GCC_WARN_UNINITIALIZED_AUTOS = YES_AGGRESSIVE;
				GCC_WARN_UNUSED_FUNCTION = YES;
				GCC_WARN_UNUSED_VARIABLE = YES;
				IPHONEOS_DEPLOYMENT_TARGET = 15.2;
				MTL_ENABLE_DEBUG_INFO = INCLUDE_SOURCE;
				MTL_FAST_MATH = YES;
				ONLY_ACTIVE_ARCH = YES;
				SDKROOT = iphoneos;
				SWIFT_ACTIVE_COMPILATION_CONDITIONS = DEBUG;
				SWIFT_OPTIMIZATION_LEVEL = "-Onone";
			};
			name = Debug;
		};
		F3BC53412784A396009E49B4 /* Release */ = {
			isa = XCBuildConfiguration;
			buildSettings = {
				ALWAYS_SEARCH_USER_PATHS = NO;
				CLANG_ANALYZER_NONNULL = YES;
				CLANG_ANALYZER_NUMBER_OBJECT_CONVERSION = YES_AGGRESSIVE;
				CLANG_CXX_LANGUAGE_STANDARD = "gnu++17";
				CLANG_CXX_LIBRARY = "libc++";
				CLANG_ENABLE_MODULES = YES;
				CLANG_ENABLE_OBJC_ARC = YES;
				CLANG_ENABLE_OBJC_WEAK = YES;
				CLANG_WARN_BLOCK_CAPTURE_AUTORELEASING = YES;
				CLANG_WARN_BOOL_CONVERSION = YES;
				CLANG_WARN_COMMA = YES;
				CLANG_WARN_CONSTANT_CONVERSION = YES;
				CLANG_WARN_DEPRECATED_OBJC_IMPLEMENTATIONS = YES;
				CLANG_WARN_DIRECT_OBJC_ISA_USAGE = YES_ERROR;
				CLANG_WARN_DOCUMENTATION_COMMENTS = YES;
				CLANG_WARN_EMPTY_BODY = YES;
				CLANG_WARN_ENUM_CONVERSION = YES;
				CLANG_WARN_INFINITE_RECURSION = YES;
				CLANG_WARN_INT_CONVERSION = YES;
				CLANG_WARN_NON_LITERAL_NULL_CONVERSION = YES;
				CLANG_WARN_OBJC_IMPLICIT_RETAIN_SELF = YES;
				CLANG_WARN_OBJC_LITERAL_CONVERSION = YES;
				CLANG_WARN_OBJC_ROOT_CLASS = YES_ERROR;
				CLANG_WARN_QUOTED_INCLUDE_IN_FRAMEWORK_HEADER = YES;
				CLANG_WARN_RANGE_LOOP_ANALYSIS = YES;
				CLANG_WARN_STRICT_PROTOTYPES = YES;
				CLANG_WARN_SUSPICIOUS_MOVE = YES;
				CLANG_WARN_UNGUARDED_AVAILABILITY = YES_AGGRESSIVE;
				CLANG_WARN_UNREACHABLE_CODE = YES;
				CLANG_WARN__DUPLICATE_METHOD_MATCH = YES;
				COPY_PHASE_STRIP = NO;
				DEBUG_INFORMATION_FORMAT = "dwarf-with-dsym";
				ENABLE_NS_ASSERTIONS = NO;
				ENABLE_STRICT_OBJC_MSGSEND = YES;
				GCC_C_LANGUAGE_STANDARD = gnu11;
				GCC_NO_COMMON_BLOCKS = YES;
				GCC_WARN_64_TO_32_BIT_CONVERSION = YES;
				GCC_WARN_ABOUT_RETURN_TYPE = YES_ERROR;
				GCC_WARN_UNDECLARED_SELECTOR = YES;
				GCC_WARN_UNINITIALIZED_AUTOS = YES_AGGRESSIVE;
				GCC_WARN_UNUSED_FUNCTION = YES;
				GCC_WARN_UNUSED_VARIABLE = YES;
				IPHONEOS_DEPLOYMENT_TARGET = 15.2;
				MTL_ENABLE_DEBUG_INFO = NO;
				MTL_FAST_MATH = YES;
				SDKROOT = iphoneos;
				SWIFT_COMPILATION_MODE = wholemodule;
				SWIFT_OPTIMIZATION_LEVEL = "-O";
				VALIDATE_PRODUCT = YES;
			};
			name = Release;
		};
		F3BC53432784A396009E49B4 /* Debug */ = {
			isa = XCBuildConfiguration;
			buildSettings = {
				ASSETCATALOG_COMPILER_APPICON_NAME = AppIcon;
				ASSETCATALOG_COMPILER_GLOBAL_ACCENT_COLOR_NAME = AccentColor;
				CODE_SIGN_STYLE = Automatic;
				CURRENT_PROJECT_VERSION = 1;
				DEVELOPMENT_TEAM = 2SB5Z68H26;
				GENERATE_INFOPLIST_FILE = YES;
				INFOPLIST_FILE = OnboardingSampleApp/Info.plist;
				INFOPLIST_KEY_UIApplicationSupportsIndirectInputEvents = YES;
				INFOPLIST_KEY_UILaunchStoryboardName = LaunchScreen;
				INFOPLIST_KEY_UIMainStoryboardFile = Main;
				INFOPLIST_KEY_UISupportedInterfaceOrientations_iPad = "UIInterfaceOrientationPortrait UIInterfaceOrientationPortraitUpsideDown UIInterfaceOrientationLandscapeLeft UIInterfaceOrientationLandscapeRight";
				INFOPLIST_KEY_UISupportedInterfaceOrientations_iPhone = "UIInterfaceOrientationPortrait UIInterfaceOrientationLandscapeLeft UIInterfaceOrientationLandscapeRight";
				IPHONEOS_DEPLOYMENT_TARGET = 13.0;
				LD_RUNPATH_SEARCH_PATHS = (
					"$(inherited)",
					"@executable_path/Frameworks",
				);
				MARKETING_VERSION = 1.0;
				PRODUCT_BUNDLE_IDENTIFIER = ch.protonmail.OnboardingSampleApp;
				PRODUCT_NAME = "$(TARGET_NAME)";
				SWIFT_EMIT_LOC_STRINGS = YES;
				SWIFT_VERSION = 5.0;
				TARGETED_DEVICE_FAMILY = "1,2";
			};
			name = Debug;
		};
		F3BC53442784A396009E49B4 /* Release */ = {
			isa = XCBuildConfiguration;
			buildSettings = {
				ASSETCATALOG_COMPILER_APPICON_NAME = AppIcon;
				ASSETCATALOG_COMPILER_GLOBAL_ACCENT_COLOR_NAME = AccentColor;
				CODE_SIGN_STYLE = Automatic;
				CURRENT_PROJECT_VERSION = 1;
				DEVELOPMENT_TEAM = 2SB5Z68H26;
				GENERATE_INFOPLIST_FILE = YES;
				INFOPLIST_FILE = OnboardingSampleApp/Info.plist;
				INFOPLIST_KEY_UIApplicationSupportsIndirectInputEvents = YES;
				INFOPLIST_KEY_UILaunchStoryboardName = LaunchScreen;
				INFOPLIST_KEY_UIMainStoryboardFile = Main;
				INFOPLIST_KEY_UISupportedInterfaceOrientations_iPad = "UIInterfaceOrientationPortrait UIInterfaceOrientationPortraitUpsideDown UIInterfaceOrientationLandscapeLeft UIInterfaceOrientationLandscapeRight";
				INFOPLIST_KEY_UISupportedInterfaceOrientations_iPhone = "UIInterfaceOrientationPortrait UIInterfaceOrientationLandscapeLeft UIInterfaceOrientationLandscapeRight";
				IPHONEOS_DEPLOYMENT_TARGET = 13.0;
				LD_RUNPATH_SEARCH_PATHS = (
					"$(inherited)",
					"@executable_path/Frameworks",
				);
				MARKETING_VERSION = 1.0;
				PRODUCT_BUNDLE_IDENTIFIER = ch.protonmail.OnboardingSampleApp;
				PRODUCT_NAME = "$(TARGET_NAME)";
				SWIFT_EMIT_LOC_STRINGS = YES;
				SWIFT_VERSION = 5.0;
				TARGETED_DEVICE_FAMILY = "1,2";
			};
			name = Release;
		};
/* End XCBuildConfiguration section */

/* Begin XCConfigurationList section */
		B2F106C727A16A86003113A3 /* Build configuration list for PBXNativeTarget "OnboardingSampleAppUITests" */ = {
			isa = XCConfigurationList;
			buildConfigurations = (
				B2F106C827A16A86003113A3 /* Debug */,
				B2F106C927A16A86003113A3 /* Release */,
			);
			defaultConfigurationIsVisible = 0;
			defaultConfigurationName = Release;
		};
		F3BC53292784A395009E49B4 /* Build configuration list for PBXProject "OnboardingSampleApp" */ = {
			isa = XCConfigurationList;
			buildConfigurations = (
				F3BC53402784A396009E49B4 /* Debug */,
				F3BC53412784A396009E49B4 /* Release */,
			);
			defaultConfigurationIsVisible = 0;
			defaultConfigurationName = Release;
		};
		F3BC53422784A396009E49B4 /* Build configuration list for PBXNativeTarget "OnboardingSampleApp" */ = {
			isa = XCConfigurationList;
			buildConfigurations = (
				F3BC53432784A396009E49B4 /* Debug */,
				F3BC53442784A396009E49B4 /* Release */,
			);
			defaultConfigurationIsVisible = 0;
			defaultConfigurationName = Release;
		};
/* End XCConfigurationList section */

/* Begin XCSwiftPackageProductDependency section */
		F3BC53462784A3E7009E49B4 /* Onboarding */ = {
			isa = XCSwiftPackageProductDependency;
			productName = Onboarding;
		};
/* End XCSwiftPackageProductDependency section */
	};
	rootObject = F3BC53262784A395009E49B4 /* Project object */;
}
